// !$*UTF8*$!
{
	archiveVersion = 1;
	classes = {
	};
	objectVersion = 45;
	objects = {

/* Begin PBXBuildFile section */
		1D3623260D0F684500981E51 /* MusicreedAppDelegate.mm in Sources */ = {isa = PBXBuildFile; fileRef = 1D3623250D0F684500981E51 /* MusicreedAppDelegate.mm */; };
		1D60589F0D05DD5A006BFB54 /* Foundation.framework in Frameworks */ = {isa = PBXBuildFile; fileRef = 1D30AB110D05D00D00671497 /* Foundation.framework */; };
		1DF5F4E00D08C38300B7A737 /* UIKit.framework in Frameworks */ = {isa = PBXBuildFile; fileRef = 1DF5F4DF0D08C38300B7A737 /* UIKit.framework */; };
		288765A50DF7441C002DB57D /* CoreGraphics.framework in Frameworks */ = {isa = PBXBuildFile; fileRef = 288765A40DF7441C002DB57D /* CoreGraphics.framework */; };
		28D7ACF80DDB3853001CB0EB /* MusicreedViewController.mm in Sources */ = {isa = PBXBuildFile; fileRef = 28D7ACF70DDB3853001CB0EB /* MusicreedViewController.mm */; };
		E400FE05136D50A7006A18DD /* ScaleCell.m in Sources */ = {isa = PBXBuildFile; fileRef = E400FE04136D50A7006A18DD /* ScaleCell.m */; };
		E40B02F7137FC861001008FE /* MusicalScale.m in Sources */ = {isa = PBXBuildFile; fileRef = E40B02F4137FC861001008FE /* MusicalScale.m */; };
		E40B02F8137FC861001008FE /* MusicalSystem.m in Sources */ = {isa = PBXBuildFile; fileRef = E40B02F6137FC861001008FE /* MusicalSystem.m */; };
		E40B0334137FD062001008FE /* Disc.cpp in Sources */ = {isa = PBXBuildFile; fileRef = E40B0330137FD062001008FE /* Disc.cpp */; };
		E40B0335137FD062001008FE /* testApp.mm in Sources */ = {isa = PBXBuildFile; fileRef = E40B0333137FD062001008FE /* testApp.mm */; };
		E44D3E16137BCF7700345249 /* data in Resources */ = {isa = PBXBuildFile; fileRef = E44D3E13137BCF7700345249 /* data */; };
		E44D3E19137BD05B00345249 /* TouchView.mm in Sources */ = {isa = PBXBuildFile; fileRef = E44D3E18137BD05B00345249 /* TouchView.mm */; };
		E44D3EBC137BD7E400345249 /* CAStreamBasicDescription.cpp in Sources */ = {isa = PBXBuildFile; fileRef = E44D3EB4137BD7E400345249 /* CAStreamBasicDescription.cpp */; };
		E44D3EBD137BD7E400345249 /* CAXException.cpp in Sources */ = {isa = PBXBuildFile; fileRef = E44D3EB6137BD7E400345249 /* CAXException.cpp */; };
		E44D3EBE137BD7E400345249 /* README in Resources */ = {isa = PBXBuildFile; fileRef = E44D3EB8137BD7E400345249 /* README */; };
		E44D3EBF137BD7E400345249 /* ofxAudioFile.mm in Sources */ = {isa = PBXBuildFile; fileRef = E44D3EBB137BD7E400345249 /* ofxAudioFile.mm */; };
		E44D3EE2137BDA4900345249 /* ofxiPhoneSoundStream.mm in Sources */ = {isa = PBXBuildFile; fileRef = E44D3EE1137BDA4900345249 /* ofxiPhoneSoundStream.mm */; };
		E44D3EE8137BDCA800345249 /* AudioToolbox.framework in Frameworks */ = {isa = PBXBuildFile; fileRef = E44D3EE7137BDCA800345249 /* AudioToolbox.framework */; };
		E44D3F16137BED9900345249 /* ofxiTexture.mm in Sources */ = {isa = PBXBuildFile; fileRef = E44D3F15137BED9900345249 /* ofxiTexture.mm */; };
		E48615E913694F81000851FA /* ScalesTable.m in Sources */ = {isa = PBXBuildFile; fileRef = E48615E713694F81000851FA /* ScalesTable.m */; };
		E490649013700BD90034C2F5 /* EAGLView.mm in Sources */ = {isa = PBXBuildFile; fileRef = E490648F13700BD90034C2F5 /* EAGLView.mm */; };
		E49064BC137026460034C2F5 /* ofMain.mm in Sources */ = {isa = PBXBuildFile; fileRef = E49064B8137026460034C2F5 /* ofMain.mm */; };
		E49064BD137026460034C2F5 /* ofxiPhoneExtras.mm in Sources */ = {isa = PBXBuildFile; fileRef = E49064BB137026460034C2F5 /* ofxiPhoneExtras.mm */; };
		E49064D5137027040034C2F5 /* easing.cpp in Sources */ = {isa = PBXBuildFile; fileRef = E49064D1137027040034C2F5 /* easing.cpp */; };
		E49064D6137027040034C2F5 /* ofMainExt.mm in Sources */ = {isa = PBXBuildFile; fileRef = E49064D4137027040034C2F5 /* ofMainExt.mm */; };
		E49064DC137029970034C2F5 /* OpenGLES.framework in Frameworks */ = {isa = PBXBuildFile; fileRef = E49064DB137029970034C2F5 /* OpenGLES.framework */; };
		E49064E2137029E20034C2F5 /* QuartzCore.framework in Frameworks */ = {isa = PBXBuildFile; fileRef = E49064E1137029E20034C2F5 /* QuartzCore.framework */; };
		E49065C21370393E0034C2F5 /* CustomFontLabel.m in Sources */ = {isa = PBXBuildFile; fileRef = E49065C11370393E0034C2F5 /* CustomFontLabel.m */; };
		E49065CC13703A090034C2F5 /* CustomButton.m in Sources */ = {isa = PBXBuildFile; fileRef = E49065CB13703A090034C2F5 /* CustomButton.m */; };
		E4946021138A582A00B395CB /* tinyxml.cpp in Sources */ = {isa = PBXBuildFile; fileRef = E4946019138A582A00B395CB /* tinyxml.cpp */; };
		E4946022138A582A00B395CB /* tinyxmlerror.cpp in Sources */ = {isa = PBXBuildFile; fileRef = E494601B138A582A00B395CB /* tinyxmlerror.cpp */; };
		E4946023138A582A00B395CB /* tinyxmlparser.cpp in Sources */ = {isa = PBXBuildFile; fileRef = E494601C138A582A00B395CB /* tinyxmlparser.cpp */; };
		E4946024138A582A00B395CB /* ofxXmlSettings.cpp in Sources */ = {isa = PBXBuildFile; fileRef = E494601E138A582A00B395CB /* ofxXmlSettings.cpp */; };
		E49DC9C113A7A13300E3C79F /* notationUtils.cpp in Sources */ = {isa = PBXBuildFile; fileRef = E49DC9C013A7A13300E3C79F /* notationUtils.cpp */; };
		E4C91ECE13ADF94200B8892F /* AVFoundation.framework in Frameworks */ = {isa = PBXBuildFile; fileRef = E4C91ECD13ADF94200B8892F /* AVFoundation.framework */; };
		E4DF6DEE138278C100F96763 /* ofxAudioInstrument.cpp in Sources */ = {isa = PBXBuildFile; fileRef = E4DF6DEA138278C100F96763 /* ofxAudioInstrument.cpp */; };
		E4E6509D137FF7CA00DFCE6E /* MainWindow.xib in Resources */ = {isa = PBXBuildFile; fileRef = E4E65099137FF7CA00DFCE6E /* MainWindow.xib */; };
		E4E6509E137FF7CA00DFCE6E /* MusicreedViewController.xib in Resources */ = {isa = PBXBuildFile; fileRef = E4E6509A137FF7CA00DFCE6E /* MusicreedViewController.xib */; };
		E4E6509F137FF7CA00DFCE6E /* ScaleCell.xib in Resources */ = {isa = PBXBuildFile; fileRef = E4E6509B137FF7CA00DFCE6E /* ScaleCell.xib */; };
		E4E650A0137FF7CA00DFCE6E /* ScalesTable.xib in Resources */ = {isa = PBXBuildFile; fileRef = E4E6509C137FF7CA00DFCE6E /* ScalesTable.xib */; };
		E4E650A4137FF7F700DFCE6E /* MAIAN.TTF in Resources */ = {isa = PBXBuildFile; fileRef = E4E650A1137FF7F700DFCE6E /* MAIAN.TTF */; };
		E4E650A5137FF7F700DFCE6E /* Maiandra GD Demi Bold.ttf in Resources */ = {isa = PBXBuildFile; fileRef = E4E650A2137FF7F700DFCE6E /* Maiandra GD Demi Bold.ttf */; };
		E4E650A6137FF7F700DFCE6E /* systems.xml in Resources */ = {isa = PBXBuildFile; fileRef = E4E650A3137FF7F700DFCE6E /* systems.xml */; };
		E4E650AF137FF84700DFCE6E /* main.m in Sources */ = {isa = PBXBuildFile; fileRef = E4E650AE137FF84700DFCE6E /* main.m */; };
		E4EC7B9113A4CC4B001299F2 /* ofTrueTypeFont.cpp in Sources */ = {isa = PBXBuildFile; fileRef = E4EC7B8D13A4CC4B001299F2 /* ofTrueTypeFont.cpp */; };
		E4EC7BE813A4D636001299F2 /* ofTTF.cpp in Sources */ = {isa = PBXBuildFile; fileRef = E4EC7BE713A4D636001299F2 /* ofTTF.cpp */; };
		E4EC7C8D13A4DD09001299F2 /* libFreetype2.a in Frameworks */ = {isa = PBXBuildFile; fileRef = E4EC7C8C13A4DD09001299F2 /* libFreetype2.a */; };
		E4FE2C1B13893A490034BE2F /* ofxColorBase.cpp in Sources */ = {isa = PBXBuildFile; fileRef = E4FE2C1113893A490034BE2F /* ofxColorBase.cpp */; };
/* End PBXBuildFile section */

/* Begin PBXFileReference section */
		1D30AB110D05D00D00671497 /* Foundation.framework */ = {isa = PBXFileReference; lastKnownFileType = wrapper.framework; name = Foundation.framework; path = System/Library/Frameworks/Foundation.framework; sourceTree = SDKROOT; };
		1D3623240D0F684500981E51 /* MusicreedAppDelegate.h */ = {isa = PBXFileReference; fileEncoding = 4; lastKnownFileType = sourcecode.c.h; path = MusicreedAppDelegate.h; sourceTree = "<group>"; };
		1D3623250D0F684500981E51 /* MusicreedAppDelegate.mm */ = {isa = PBXFileReference; fileEncoding = 4; lastKnownFileType = sourcecode.cpp.objcpp; path = MusicreedAppDelegate.mm; sourceTree = "<group>"; };
		1D6058910D05DD3D006BFB54 /* Musicreed.app */ = {isa = PBXFileReference; explicitFileType = wrapper.application; includeInIndex = 0; path = Musicreed.app; sourceTree = BUILT_PRODUCTS_DIR; };
		1DF5F4DF0D08C38300B7A737 /* UIKit.framework */ = {isa = PBXFileReference; lastKnownFileType = wrapper.framework; name = UIKit.framework; path = System/Library/Frameworks/UIKit.framework; sourceTree = SDKROOT; };
		288765A40DF7441C002DB57D /* CoreGraphics.framework */ = {isa = PBXFileReference; lastKnownFileType = wrapper.framework; name = CoreGraphics.framework; path = System/Library/Frameworks/CoreGraphics.framework; sourceTree = SDKROOT; };
		28D7ACF60DDB3853001CB0EB /* MusicreedViewController.h */ = {isa = PBXFileReference; fileEncoding = 4; lastKnownFileType = sourcecode.c.h; path = MusicreedViewController.h; sourceTree = "<group>"; };
		28D7ACF70DDB3853001CB0EB /* MusicreedViewController.mm */ = {isa = PBXFileReference; fileEncoding = 4; lastKnownFileType = sourcecode.cpp.objcpp; path = MusicreedViewController.mm; sourceTree = "<group>"; };
		32CA4F630368D1EE00C91783 /* Musicreed_Prefix.pch */ = {isa = PBXFileReference; fileEncoding = 4; lastKnownFileType = sourcecode.c.h; path = Musicreed_Prefix.pch; sourceTree = "<group>"; };
		8D1107310486CEB800E47090 /* Musicreed-Info.plist */ = {isa = PBXFileReference; fileEncoding = 4; lastKnownFileType = text.plist.xml; path = "Musicreed-Info.plist"; plistStructureDefinitionIdentifier = "com.apple.xcode.plist.structure-definition.iphone.info-plist"; sourceTree = "<group>"; };
		E400FE03136D50A7006A18DD /* ScaleCell.h */ = {isa = PBXFileReference; fileEncoding = 4; lastKnownFileType = sourcecode.c.h; path = ScaleCell.h; sourceTree = "<group>"; };
		E400FE04136D50A7006A18DD /* ScaleCell.m */ = {isa = PBXFileReference; fileEncoding = 4; lastKnownFileType = sourcecode.c.objc; path = ScaleCell.m; sourceTree = "<group>"; };
		E40B02F3137FC861001008FE /* MusicalScale.h */ = {isa = PBXFileReference; fileEncoding = 4; lastKnownFileType = sourcecode.c.h; name = MusicalScale.h; path = Model/MusicalScale.h; sourceTree = "<group>"; };
		E40B02F4137FC861001008FE /* MusicalScale.m */ = {isa = PBXFileReference; fileEncoding = 4; lastKnownFileType = sourcecode.c.objc; name = MusicalScale.m; path = Model/MusicalScale.m; sourceTree = "<group>"; };
		E40B02F5137FC861001008FE /* MusicalSystem.h */ = {isa = PBXFileReference; fileEncoding = 4; lastKnownFileType = sourcecode.c.h; name = MusicalSystem.h; path = Model/MusicalSystem.h; sourceTree = "<group>"; };
		E40B02F6137FC861001008FE /* MusicalSystem.m */ = {isa = PBXFileReference; fileEncoding = 4; lastKnownFileType = sourcecode.c.objc; name = MusicalSystem.m; path = Model/MusicalSystem.m; sourceTree = "<group>"; };
		E40B0330137FD062001008FE /* Disc.cpp */ = {isa = PBXFileReference; fileEncoding = 4; lastKnownFileType = sourcecode.cpp.cpp; name = Disc.cpp; path = src/Disc.cpp; sourceTree = "<group>"; };
		E40B0331137FD062001008FE /* Disc.h */ = {isa = PBXFileReference; fileEncoding = 4; lastKnownFileType = sourcecode.c.h; name = Disc.h; path = src/Disc.h; sourceTree = "<group>"; };
		E40B0332137FD062001008FE /* testApp.h */ = {isa = PBXFileReference; fileEncoding = 4; lastKnownFileType = sourcecode.c.h; name = testApp.h; path = src/testApp.h; sourceTree = "<group>"; };
		E40B0333137FD062001008FE /* testApp.mm */ = {isa = PBXFileReference; fileEncoding = 4; lastKnownFileType = sourcecode.cpp.objcpp; name = testApp.mm; path = src/testApp.mm; sourceTree = "<group>"; };
		E44D3E13137BCF7700345249 /* data */ = {isa = PBXFileReference; lastKnownFileType = folder; path = data; sourceTree = "<group>"; };
		E44D3E17137BD05B00345249 /* TouchView.h */ = {isa = PBXFileReference; fileEncoding = 4; lastKnownFileType = sourcecode.c.h; path = TouchView.h; sourceTree = "<group>"; };
		E44D3E18137BD05B00345249 /* TouchView.mm */ = {isa = PBXFileReference; fileEncoding = 4; lastKnownFileType = sourcecode.cpp.objcpp; path = TouchView.mm; sourceTree = "<group>"; };
		E44D3EB2137BD7E400345249 /* CADebugMacros.h */ = {isa = PBXFileReference; fileEncoding = 4; lastKnownFileType = sourcecode.c.h; path = CADebugMacros.h; sourceTree = "<group>"; };
		E44D3EB3137BD7E400345249 /* CAMath.h */ = {isa = PBXFileReference; fileEncoding = 4; lastKnownFileType = sourcecode.c.h; path = CAMath.h; sourceTree = "<group>"; };
		E44D3EB4137BD7E400345249 /* CAStreamBasicDescription.cpp */ = {isa = PBXFileReference; fileEncoding = 4; lastKnownFileType = sourcecode.cpp.cpp; path = CAStreamBasicDescription.cpp; sourceTree = "<group>"; };
		E44D3EB5137BD7E400345249 /* CAStreamBasicDescription.h */ = {isa = PBXFileReference; fileEncoding = 4; lastKnownFileType = sourcecode.c.h; path = CAStreamBasicDescription.h; sourceTree = "<group>"; };
		E44D3EB6137BD7E400345249 /* CAXException.cpp */ = {isa = PBXFileReference; fileEncoding = 4; lastKnownFileType = sourcecode.cpp.cpp; path = CAXException.cpp; sourceTree = "<group>"; };
		E44D3EB7137BD7E400345249 /* CAXException.h */ = {isa = PBXFileReference; fileEncoding = 4; lastKnownFileType = sourcecode.c.h; path = CAXException.h; sourceTree = "<group>"; };
		E44D3EB8137BD7E400345249 /* README */ = {isa = PBXFileReference; fileEncoding = 4; lastKnownFileType = text; path = README; sourceTree = "<group>"; };
		E44D3EBA137BD7E400345249 /* ofxAudioFile.h */ = {isa = PBXFileReference; fileEncoding = 4; lastKnownFileType = sourcecode.c.h; path = ofxAudioFile.h; sourceTree = "<group>"; };
		E44D3EBB137BD7E400345249 /* ofxAudioFile.mm */ = {isa = PBXFileReference; fileEncoding = 4; lastKnownFileType = sourcecode.cpp.objcpp; path = ofxAudioFile.mm; sourceTree = "<group>"; };
		E44D3EE0137BDA4900345249 /* ofSoundStream.h */ = {isa = PBXFileReference; fileEncoding = 4; lastKnownFileType = sourcecode.c.h; name = ofSoundStream.h; path = ../YesPlastic/src/ofSoundStream.h; sourceTree = SOURCE_ROOT; };
		E44D3EE1137BDA4900345249 /* ofxiPhoneSoundStream.mm */ = {isa = PBXFileReference; fileEncoding = 4; lastKnownFileType = sourcecode.cpp.objcpp; name = ofxiPhoneSoundStream.mm; path = ../YesPlastic/src/ofxiPhoneSoundStream.mm; sourceTree = SOURCE_ROOT; };
		E44D3EE7137BDCA800345249 /* AudioToolbox.framework */ = {isa = PBXFileReference; lastKnownFileType = wrapper.framework; name = AudioToolbox.framework; path = System/Library/Frameworks/AudioToolbox.framework; sourceTree = SDKROOT; };
		E44D3F14137BED9900345249 /* ofxiTexture.h */ = {isa = PBXFileReference; fileEncoding = 4; lastKnownFileType = sourcecode.c.h; path = ofxiTexture.h; sourceTree = "<group>"; };
		E44D3F15137BED9900345249 /* ofxiTexture.mm */ = {isa = PBXFileReference; fileEncoding = 4; lastKnownFileType = sourcecode.cpp.objcpp; path = ofxiTexture.mm; sourceTree = "<group>"; };
		E48615E613694F81000851FA /* ScalesTable.h */ = {isa = PBXFileReference; fileEncoding = 4; lastKnownFileType = sourcecode.c.h; path = ScalesTable.h; sourceTree = "<group>"; };
		E48615E713694F81000851FA /* ScalesTable.m */ = {isa = PBXFileReference; fileEncoding = 4; lastKnownFileType = sourcecode.c.objc; path = ScalesTable.m; sourceTree = "<group>"; };
		E490648E13700BD90034C2F5 /* EAGLView.h */ = {isa = PBXFileReference; fileEncoding = 4; lastKnownFileType = sourcecode.c.h; path = EAGLView.h; sourceTree = "<group>"; };
		E490648F13700BD90034C2F5 /* EAGLView.mm */ = {isa = PBXFileReference; fileEncoding = 4; lastKnownFileType = sourcecode.cpp.objcpp; path = EAGLView.mm; sourceTree = "<group>"; };
		E49064B7137026460034C2F5 /* ofMain.h */ = {isa = PBXFileReference; fileEncoding = 4; lastKnownFileType = sourcecode.c.h; path = ofMain.h; sourceTree = "<group>"; };
		E49064B8137026460034C2F5 /* ofMain.mm */ = {isa = PBXFileReference; fileEncoding = 4; lastKnownFileType = sourcecode.cpp.objcpp; path = ofMain.mm; sourceTree = "<group>"; };
		E49064B9137026460034C2F5 /* ofTypes.h */ = {isa = PBXFileReference; fileEncoding = 4; lastKnownFileType = sourcecode.c.h; path = ofTypes.h; sourceTree = "<group>"; };
		E49064BA137026460034C2F5 /* ofxiPhoneExtras.h */ = {isa = PBXFileReference; fileEncoding = 4; lastKnownFileType = sourcecode.c.h; path = ofxiPhoneExtras.h; sourceTree = "<group>"; };
		E49064BB137026460034C2F5 /* ofxiPhoneExtras.mm */ = {isa = PBXFileReference; fileEncoding = 4; lastKnownFileType = sourcecode.cpp.objcpp; path = ofxiPhoneExtras.mm; sourceTree = "<group>"; };
		E49064D1137027040034C2F5 /* easing.cpp */ = {isa = PBXFileReference; fileEncoding = 4; lastKnownFileType = sourcecode.cpp.cpp; path = easing.cpp; sourceTree = "<group>"; };
		E49064D2137027040034C2F5 /* easing.h */ = {isa = PBXFileReference; fileEncoding = 4; lastKnownFileType = sourcecode.c.h; path = easing.h; sourceTree = "<group>"; };
		E49064D3137027040034C2F5 /* ofMainExt.h */ = {isa = PBXFileReference; fileEncoding = 4; lastKnownFileType = sourcecode.c.h; path = ofMainExt.h; sourceTree = "<group>"; };
		E49064D4137027040034C2F5 /* ofMainExt.mm */ = {isa = PBXFileReference; fileEncoding = 4; lastKnownFileType = sourcecode.cpp.objcpp; path = ofMainExt.mm; sourceTree = "<group>"; };
		E49064DB137029970034C2F5 /* OpenGLES.framework */ = {isa = PBXFileReference; lastKnownFileType = wrapper.framework; name = OpenGLES.framework; path = System/Library/Frameworks/OpenGLES.framework; sourceTree = SDKROOT; };
		E49064E1137029E20034C2F5 /* QuartzCore.framework */ = {isa = PBXFileReference; lastKnownFileType = wrapper.framework; name = QuartzCore.framework; path = System/Library/Frameworks/QuartzCore.framework; sourceTree = SDKROOT; };
		E49065C01370393E0034C2F5 /* CustomFontLabel.h */ = {isa = PBXFileReference; fileEncoding = 4; lastKnownFileType = sourcecode.c.h; path = CustomFontLabel.h; sourceTree = "<group>"; };
		E49065C11370393E0034C2F5 /* CustomFontLabel.m */ = {isa = PBXFileReference; fileEncoding = 4; lastKnownFileType = sourcecode.c.objc; path = CustomFontLabel.m; sourceTree = "<group>"; };
		E49065CA13703A090034C2F5 /* CustomButton.h */ = {isa = PBXFileReference; fileEncoding = 4; lastKnownFileType = sourcecode.c.h; path = CustomButton.h; sourceTree = "<group>"; };
		E49065CB13703A090034C2F5 /* CustomButton.m */ = {isa = PBXFileReference; fileEncoding = 4; lastKnownFileType = sourcecode.c.objc; path = CustomButton.m; sourceTree = "<group>"; };
		E4946019138A582A00B395CB /* tinyxml.cpp */ = {isa = PBXFileReference; fileEncoding = 4; lastKnownFileType = sourcecode.cpp.cpp; path = tinyxml.cpp; sourceTree = "<group>"; };
		E494601A138A582A00B395CB /* tinyxml.h */ = {isa = PBXFileReference; fileEncoding = 4; lastKnownFileType = sourcecode.c.h; path = tinyxml.h; sourceTree = "<group>"; };
		E494601B138A582A00B395CB /* tinyxmlerror.cpp */ = {isa = PBXFileReference; fileEncoding = 4; lastKnownFileType = sourcecode.cpp.cpp; path = tinyxmlerror.cpp; sourceTree = "<group>"; };
		E494601C138A582A00B395CB /* tinyxmlparser.cpp */ = {isa = PBXFileReference; fileEncoding = 4; lastKnownFileType = sourcecode.cpp.cpp; path = tinyxmlparser.cpp; sourceTree = "<group>"; };
		E494601E138A582A00B395CB /* ofxXmlSettings.cpp */ = {isa = PBXFileReference; fileEncoding = 4; lastKnownFileType = sourcecode.cpp.cpp; path = ofxXmlSettings.cpp; sourceTree = "<group>"; };
		E494601F138A582A00B395CB /* ofxXmlSettings.h */ = {isa = PBXFileReference; fileEncoding = 4; lastKnownFileType = sourcecode.c.h; path = ofxXmlSettings.h; sourceTree = "<group>"; };
		E49DC9BF13A7A13300E3C79F /* notationUtils.h */ = {isa = PBXFileReference; fileEncoding = 4; lastKnownFileType = sourcecode.c.h; name = notationUtils.h; path = src/notationUtils.h; sourceTree = "<group>"; };
		E49DC9C013A7A13300E3C79F /* notationUtils.cpp */ = {isa = PBXFileReference; fileEncoding = 4; lastKnownFileType = sourcecode.cpp.cpp; name = notationUtils.cpp; path = src/notationUtils.cpp; sourceTree = "<group>"; };
		E4C91EA913ADF4AD00B8892F /* RKMacros.h */ = {isa = PBXFileReference; fileEncoding = 4; lastKnownFileType = sourcecode.c.h; path = RKMacros.h; sourceTree = "<group>"; };
		E4C91ECD13ADF94200B8892F /* AVFoundation.framework */ = {isa = PBXFileReference; lastKnownFileType = wrapper.framework; name = AVFoundation.framework; path = System/Library/Frameworks/AVFoundation.framework; sourceTree = SDKROOT; };
		E4DF6DEA138278C100F96763 /* ofxAudioInstrument.cpp */ = {isa = PBXFileReference; fileEncoding = 4; lastKnownFileType = sourcecode.cpp.cpp; path = ofxAudioInstrument.cpp; sourceTree = "<group>"; };
		E4DF6DEB138278C100F96763 /* ofxAudioInstrument.h */ = {isa = PBXFileReference; fileEncoding = 4; lastKnownFileType = sourcecode.c.h; path = ofxAudioInstrument.h; sourceTree = "<group>"; };
		E4E65099137FF7CA00DFCE6E /* MainWindow.xib */ = {isa = PBXFileReference; lastKnownFileType = file.xib; name = MainWindow.xib; path = Resources/MainWindow.xib; sourceTree = SOURCE_ROOT; };
		E4E6509A137FF7CA00DFCE6E /* MusicreedViewController.xib */ = {isa = PBXFileReference; lastKnownFileType = file.xib; name = MusicreedViewController.xib; path = Resources/MusicreedViewController.xib; sourceTree = SOURCE_ROOT; };
		E4E6509B137FF7CA00DFCE6E /* ScaleCell.xib */ = {isa = PBXFileReference; lastKnownFileType = file.xib; name = ScaleCell.xib; path = Resources/ScaleCell.xib; sourceTree = SOURCE_ROOT; };
		E4E6509C137FF7CA00DFCE6E /* ScalesTable.xib */ = {isa = PBXFileReference; lastKnownFileType = file.xib; name = ScalesTable.xib; path = Resources/ScalesTable.xib; sourceTree = SOURCE_ROOT; };
		E4E650A1137FF7F700DFCE6E /* MAIAN.TTF */ = {isa = PBXFileReference; lastKnownFileType = file; name = MAIAN.TTF; path = Resources/MAIAN.TTF; sourceTree = "<group>"; };
		E4E650A2137FF7F700DFCE6E /* Maiandra GD Demi Bold.ttf */ = {isa = PBXFileReference; lastKnownFileType = file; name = "Maiandra GD Demi Bold.ttf"; path = "Resources/Maiandra GD Demi Bold.ttf"; sourceTree = "<group>"; };
		E4E650A3137FF7F700DFCE6E /* systems.xml */ = {isa = PBXFileReference; fileEncoding = 4; lastKnownFileType = text.xml; name = systems.xml; path = Resources/systems.xml; sourceTree = "<group>"; };
		E4E650AE137FF84700DFCE6E /* main.m */ = {isa = PBXFileReference; fileEncoding = 4; lastKnownFileType = sourcecode.c.objc; name = main.m; path = Classes/main.m; sourceTree = "<group>"; };
		E4EC7B8D13A4CC4B001299F2 /* ofTrueTypeFont.cpp */ = {isa = PBXFileReference; fileEncoding = 4; lastKnownFileType = sourcecode.cpp.cpp; path = ofTrueTypeFont.cpp; sourceTree = "<group>"; };
		E4EC7B8E13A4CC4B001299F2 /* ofTrueTypeFont.h */ = {isa = PBXFileReference; fileEncoding = 4; lastKnownFileType = sourcecode.c.h; path = ofTrueTypeFont.h; sourceTree = "<group>"; };
		E4EC7BE613A4D636001299F2 /* ofTTF.h */ = {isa = PBXFileReference; fileEncoding = 4; lastKnownFileType = sourcecode.c.h; path = ofTTF.h; sourceTree = "<group>"; };
		E4EC7BE713A4D636001299F2 /* ofTTF.cpp */ = {isa = PBXFileReference; fileEncoding = 4; lastKnownFileType = sourcecode.cpp.cpp; path = ofTTF.cpp; sourceTree = "<group>"; };
		E4EC7C3513A4DD09001299F2 /* ftconfig.h */ = {isa = PBXFileReference; fileEncoding = 4; lastKnownFileType = sourcecode.c.h; path = ftconfig.h; sourceTree = "<group>"; };
		E4EC7C3613A4DD09001299F2 /* ftheader.h */ = {isa = PBXFileReference; fileEncoding = 4; lastKnownFileType = sourcecode.c.h; path = ftheader.h; sourceTree = "<group>"; };
		E4EC7C3713A4DD09001299F2 /* ftmodule.h */ = {isa = PBXFileReference; fileEncoding = 4; lastKnownFileType = sourcecode.c.h; path = ftmodule.h; sourceTree = "<group>"; };
		E4EC7C3813A4DD09001299F2 /* ftoption.h */ = {isa = PBXFileReference; fileEncoding = 4; lastKnownFileType = sourcecode.c.h; path = ftoption.h; sourceTree = "<group>"; };
		E4EC7C3913A4DD09001299F2 /* ftstdlib.h */ = {isa = PBXFileReference; fileEncoding = 4; lastKnownFileType = sourcecode.c.h; path = ftstdlib.h; sourceTree = "<group>"; };
		E4EC7C3A13A4DD09001299F2 /* freetype.h */ = {isa = PBXFileReference; fileEncoding = 4; lastKnownFileType = sourcecode.c.h; path = freetype.h; sourceTree = "<group>"; };
		E4EC7C3B13A4DD09001299F2 /* ftadvanc.h */ = {isa = PBXFileReference; fileEncoding = 4; lastKnownFileType = sourcecode.c.h; path = ftadvanc.h; sourceTree = "<group>"; };
		E4EC7C3C13A4DD09001299F2 /* ftbbox.h */ = {isa = PBXFileReference; fileEncoding = 4; lastKnownFileType = sourcecode.c.h; path = ftbbox.h; sourceTree = "<group>"; };
		E4EC7C3D13A4DD09001299F2 /* ftbdf.h */ = {isa = PBXFileReference; fileEncoding = 4; lastKnownFileType = sourcecode.c.h; path = ftbdf.h; sourceTree = "<group>"; };
		E4EC7C3E13A4DD09001299F2 /* ftbitmap.h */ = {isa = PBXFileReference; fileEncoding = 4; lastKnownFileType = sourcecode.c.h; path = ftbitmap.h; sourceTree = "<group>"; };
		E4EC7C3F13A4DD09001299F2 /* ftcache.h */ = {isa = PBXFileReference; fileEncoding = 4; lastKnownFileType = sourcecode.c.h; path = ftcache.h; sourceTree = "<group>"; };
		E4EC7C4013A4DD09001299F2 /* ftchapters.h */ = {isa = PBXFileReference; fileEncoding = 4; lastKnownFileType = sourcecode.c.h; path = ftchapters.h; sourceTree = "<group>"; };
		E4EC7C4113A4DD09001299F2 /* ftcid.h */ = {isa = PBXFileReference; fileEncoding = 4; lastKnownFileType = sourcecode.c.h; path = ftcid.h; sourceTree = "<group>"; };
		E4EC7C4213A4DD09001299F2 /* fterrdef.h */ = {isa = PBXFileReference; fileEncoding = 4; lastKnownFileType = sourcecode.c.h; path = fterrdef.h; sourceTree = "<group>"; };
		E4EC7C4313A4DD09001299F2 /* fterrors.h */ = {isa = PBXFileReference; fileEncoding = 4; lastKnownFileType = sourcecode.c.h; path = fterrors.h; sourceTree = "<group>"; };
		E4EC7C4413A4DD09001299F2 /* ftgasp.h */ = {isa = PBXFileReference; fileEncoding = 4; lastKnownFileType = sourcecode.c.h; path = ftgasp.h; sourceTree = "<group>"; };
		E4EC7C4513A4DD09001299F2 /* ftglyph.h */ = {isa = PBXFileReference; fileEncoding = 4; lastKnownFileType = sourcecode.c.h; path = ftglyph.h; sourceTree = "<group>"; };
		E4EC7C4613A4DD09001299F2 /* ftgxval.h */ = {isa = PBXFileReference; fileEncoding = 4; lastKnownFileType = sourcecode.c.h; path = ftgxval.h; sourceTree = "<group>"; };
		E4EC7C4713A4DD09001299F2 /* ftgzip.h */ = {isa = PBXFileReference; fileEncoding = 4; lastKnownFileType = sourcecode.c.h; path = ftgzip.h; sourceTree = "<group>"; };
		E4EC7C4813A4DD09001299F2 /* ftimage.h */ = {isa = PBXFileReference; fileEncoding = 4; lastKnownFileType = sourcecode.c.h; path = ftimage.h; sourceTree = "<group>"; };
		E4EC7C4913A4DD09001299F2 /* ftincrem.h */ = {isa = PBXFileReference; fileEncoding = 4; lastKnownFileType = sourcecode.c.h; path = ftincrem.h; sourceTree = "<group>"; };
		E4EC7C4A13A4DD09001299F2 /* ftlcdfil.h */ = {isa = PBXFileReference; fileEncoding = 4; lastKnownFileType = sourcecode.c.h; path = ftlcdfil.h; sourceTree = "<group>"; };
		E4EC7C4B13A4DD09001299F2 /* ftlist.h */ = {isa = PBXFileReference; fileEncoding = 4; lastKnownFileType = sourcecode.c.h; path = ftlist.h; sourceTree = "<group>"; };
		E4EC7C4C13A4DD09001299F2 /* ftlzw.h */ = {isa = PBXFileReference; fileEncoding = 4; lastKnownFileType = sourcecode.c.h; path = ftlzw.h; sourceTree = "<group>"; };
		E4EC7C4D13A4DD09001299F2 /* ftmac.h */ = {isa = PBXFileReference; fileEncoding = 4; lastKnownFileType = sourcecode.c.h; path = ftmac.h; sourceTree = "<group>"; };
		E4EC7C4E13A4DD09001299F2 /* ftmm.h */ = {isa = PBXFileReference; fileEncoding = 4; lastKnownFileType = sourcecode.c.h; path = ftmm.h; sourceTree = "<group>"; };
		E4EC7C4F13A4DD09001299F2 /* ftmodapi.h */ = {isa = PBXFileReference; fileEncoding = 4; lastKnownFileType = sourcecode.c.h; path = ftmodapi.h; sourceTree = "<group>"; };
		E4EC7C5013A4DD09001299F2 /* ftmoderr.h */ = {isa = PBXFileReference; fileEncoding = 4; lastKnownFileType = sourcecode.c.h; path = ftmoderr.h; sourceTree = "<group>"; };
		E4EC7C5113A4DD09001299F2 /* ftotval.h */ = {isa = PBXFileReference; fileEncoding = 4; lastKnownFileType = sourcecode.c.h; path = ftotval.h; sourceTree = "<group>"; };
		E4EC7C5213A4DD09001299F2 /* ftoutln.h */ = {isa = PBXFileReference; fileEncoding = 4; lastKnownFileType = sourcecode.c.h; path = ftoutln.h; sourceTree = "<group>"; };
		E4EC7C5313A4DD09001299F2 /* ftpfr.h */ = {isa = PBXFileReference; fileEncoding = 4; lastKnownFileType = sourcecode.c.h; path = ftpfr.h; sourceTree = "<group>"; };
		E4EC7C5413A4DD09001299F2 /* ftrender.h */ = {isa = PBXFileReference; fileEncoding = 4; lastKnownFileType = sourcecode.c.h; path = ftrender.h; sourceTree = "<group>"; };
		E4EC7C5513A4DD09001299F2 /* ftsizes.h */ = {isa = PBXFileReference; fileEncoding = 4; lastKnownFileType = sourcecode.c.h; path = ftsizes.h; sourceTree = "<group>"; };
		E4EC7C5613A4DD09001299F2 /* ftsnames.h */ = {isa = PBXFileReference; fileEncoding = 4; lastKnownFileType = sourcecode.c.h; path = ftsnames.h; sourceTree = "<group>"; };
		E4EC7C5713A4DD09001299F2 /* ftstroke.h */ = {isa = PBXFileReference; fileEncoding = 4; lastKnownFileType = sourcecode.c.h; path = ftstroke.h; sourceTree = "<group>"; };
		E4EC7C5813A4DD09001299F2 /* ftsynth.h */ = {isa = PBXFileReference; fileEncoding = 4; lastKnownFileType = sourcecode.c.h; path = ftsynth.h; sourceTree = "<group>"; };
		E4EC7C5913A4DD09001299F2 /* ftsystem.h */ = {isa = PBXFileReference; fileEncoding = 4; lastKnownFileType = sourcecode.c.h; path = ftsystem.h; sourceTree = "<group>"; };
		E4EC7C5A13A4DD09001299F2 /* fttrigon.h */ = {isa = PBXFileReference; fileEncoding = 4; lastKnownFileType = sourcecode.c.h; path = fttrigon.h; sourceTree = "<group>"; };
		E4EC7C5B13A4DD09001299F2 /* fttypes.h */ = {isa = PBXFileReference; fileEncoding = 4; lastKnownFileType = sourcecode.c.h; path = fttypes.h; sourceTree = "<group>"; };
		E4EC7C5C13A4DD09001299F2 /* ftwinfnt.h */ = {isa = PBXFileReference; fileEncoding = 4; lastKnownFileType = sourcecode.c.h; path = ftwinfnt.h; sourceTree = "<group>"; };
		E4EC7C5D13A4DD09001299F2 /* ftxf86.h */ = {isa = PBXFileReference; fileEncoding = 4; lastKnownFileType = sourcecode.c.h; path = ftxf86.h; sourceTree = "<group>"; };
		E4EC7C5F13A4DD09001299F2 /* autohint.h */ = {isa = PBXFileReference; fileEncoding = 4; lastKnownFileType = sourcecode.c.h; path = autohint.h; sourceTree = "<group>"; };
		E4EC7C6013A4DD09001299F2 /* ftcalc.h */ = {isa = PBXFileReference; fileEncoding = 4; lastKnownFileType = sourcecode.c.h; path = ftcalc.h; sourceTree = "<group>"; };
		E4EC7C6113A4DD09001299F2 /* ftdebug.h */ = {isa = PBXFileReference; fileEncoding = 4; lastKnownFileType = sourcecode.c.h; path = ftdebug.h; sourceTree = "<group>"; };
		E4EC7C6213A4DD09001299F2 /* ftdriver.h */ = {isa = PBXFileReference; fileEncoding = 4; lastKnownFileType = sourcecode.c.h; path = ftdriver.h; sourceTree = "<group>"; };
		E4EC7C6313A4DD09001299F2 /* ftgloadr.h */ = {isa = PBXFileReference; fileEncoding = 4; lastKnownFileType = sourcecode.c.h; path = ftgloadr.h; sourceTree = "<group>"; };
		E4EC7C6413A4DD09001299F2 /* ftmemory.h */ = {isa = PBXFileReference; fileEncoding = 4; lastKnownFileType = sourcecode.c.h; path = ftmemory.h; sourceTree = "<group>"; };
		E4EC7C6513A4DD09001299F2 /* ftobjs.h */ = {isa = PBXFileReference; fileEncoding = 4; lastKnownFileType = sourcecode.c.h; path = ftobjs.h; sourceTree = "<group>"; };
		E4EC7C6613A4DD09001299F2 /* ftpic.h */ = {isa = PBXFileReference; fileEncoding = 4; lastKnownFileType = sourcecode.c.h; path = ftpic.h; sourceTree = "<group>"; };
		E4EC7C6713A4DD09001299F2 /* ftrfork.h */ = {isa = PBXFileReference; fileEncoding = 4; lastKnownFileType = sourcecode.c.h; path = ftrfork.h; sourceTree = "<group>"; };
		E4EC7C6813A4DD09001299F2 /* ftserv.h */ = {isa = PBXFileReference; fileEncoding = 4; lastKnownFileType = sourcecode.c.h; path = ftserv.h; sourceTree = "<group>"; };
		E4EC7C6913A4DD09001299F2 /* ftstream.h */ = {isa = PBXFileReference; fileEncoding = 4; lastKnownFileType = sourcecode.c.h; path = ftstream.h; sourceTree = "<group>"; };
		E4EC7C6A13A4DD09001299F2 /* fttrace.h */ = {isa = PBXFileReference; fileEncoding = 4; lastKnownFileType = sourcecode.c.h; path = fttrace.h; sourceTree = "<group>"; };
		E4EC7C6B13A4DD09001299F2 /* ftvalid.h */ = {isa = PBXFileReference; fileEncoding = 4; lastKnownFileType = sourcecode.c.h; path = ftvalid.h; sourceTree = "<group>"; };
		E4EC7C6C13A4DD09001299F2 /* internal.h */ = {isa = PBXFileReference; fileEncoding = 4; lastKnownFileType = sourcecode.c.h; path = internal.h; sourceTree = "<group>"; };
		E4EC7C6D13A4DD09001299F2 /* pcftypes.h */ = {isa = PBXFileReference; fileEncoding = 4; lastKnownFileType = sourcecode.c.h; path = pcftypes.h; sourceTree = "<group>"; };
		E4EC7C6E13A4DD09001299F2 /* psaux.h */ = {isa = PBXFileReference; fileEncoding = 4; lastKnownFileType = sourcecode.c.h; path = psaux.h; sourceTree = "<group>"; };
		E4EC7C6F13A4DD09001299F2 /* pshints.h */ = {isa = PBXFileReference; fileEncoding = 4; lastKnownFileType = sourcecode.c.h; path = pshints.h; sourceTree = "<group>"; };
		E4EC7C7113A4DD09001299F2 /* svbdf.h */ = {isa = PBXFileReference; fileEncoding = 4; lastKnownFileType = sourcecode.c.h; path = svbdf.h; sourceTree = "<group>"; };
		E4EC7C7213A4DD09001299F2 /* svcid.h */ = {isa = PBXFileReference; fileEncoding = 4; lastKnownFileType = sourcecode.c.h; path = svcid.h; sourceTree = "<group>"; };
		E4EC7C7313A4DD09001299F2 /* svgldict.h */ = {isa = PBXFileReference; fileEncoding = 4; lastKnownFileType = sourcecode.c.h; path = svgldict.h; sourceTree = "<group>"; };
		E4EC7C7413A4DD09001299F2 /* svgxval.h */ = {isa = PBXFileReference; fileEncoding = 4; lastKnownFileType = sourcecode.c.h; path = svgxval.h; sourceTree = "<group>"; };
		E4EC7C7513A4DD09001299F2 /* svkern.h */ = {isa = PBXFileReference; fileEncoding = 4; lastKnownFileType = sourcecode.c.h; path = svkern.h; sourceTree = "<group>"; };
		E4EC7C7613A4DD09001299F2 /* svmm.h */ = {isa = PBXFileReference; fileEncoding = 4; lastKnownFileType = sourcecode.c.h; path = svmm.h; sourceTree = "<group>"; };
		E4EC7C7713A4DD09001299F2 /* svotval.h */ = {isa = PBXFileReference; fileEncoding = 4; lastKnownFileType = sourcecode.c.h; path = svotval.h; sourceTree = "<group>"; };
		E4EC7C7813A4DD09001299F2 /* svpfr.h */ = {isa = PBXFileReference; fileEncoding = 4; lastKnownFileType = sourcecode.c.h; path = svpfr.h; sourceTree = "<group>"; };
		E4EC7C7913A4DD09001299F2 /* svpostnm.h */ = {isa = PBXFileReference; fileEncoding = 4; lastKnownFileType = sourcecode.c.h; path = svpostnm.h; sourceTree = "<group>"; };
		E4EC7C7A13A4DD09001299F2 /* svpscmap.h */ = {isa = PBXFileReference; fileEncoding = 4; lastKnownFileType = sourcecode.c.h; path = svpscmap.h; sourceTree = "<group>"; };
		E4EC7C7B13A4DD09001299F2 /* svpsinfo.h */ = {isa = PBXFileReference; fileEncoding = 4; lastKnownFileType = sourcecode.c.h; path = svpsinfo.h; sourceTree = "<group>"; };
		E4EC7C7C13A4DD09001299F2 /* svsfnt.h */ = {isa = PBXFileReference; fileEncoding = 4; lastKnownFileType = sourcecode.c.h; path = svsfnt.h; sourceTree = "<group>"; };
		E4EC7C7D13A4DD09001299F2 /* svttcmap.h */ = {isa = PBXFileReference; fileEncoding = 4; lastKnownFileType = sourcecode.c.h; path = svttcmap.h; sourceTree = "<group>"; };
		E4EC7C7E13A4DD09001299F2 /* svtteng.h */ = {isa = PBXFileReference; fileEncoding = 4; lastKnownFileType = sourcecode.c.h; path = svtteng.h; sourceTree = "<group>"; };
		E4EC7C7F13A4DD09001299F2 /* svttglyf.h */ = {isa = PBXFileReference; fileEncoding = 4; lastKnownFileType = sourcecode.c.h; path = svttglyf.h; sourceTree = "<group>"; };
		E4EC7C8013A4DD09001299F2 /* svwinfnt.h */ = {isa = PBXFileReference; fileEncoding = 4; lastKnownFileType = sourcecode.c.h; path = svwinfnt.h; sourceTree = "<group>"; };
		E4EC7C8113A4DD09001299F2 /* svxf86nm.h */ = {isa = PBXFileReference; fileEncoding = 4; lastKnownFileType = sourcecode.c.h; path = svxf86nm.h; sourceTree = "<group>"; };
		E4EC7C8213A4DD09001299F2 /* sfnt.h */ = {isa = PBXFileReference; fileEncoding = 4; lastKnownFileType = sourcecode.c.h; path = sfnt.h; sourceTree = "<group>"; };
		E4EC7C8313A4DD09001299F2 /* t1types.h */ = {isa = PBXFileReference; fileEncoding = 4; lastKnownFileType = sourcecode.c.h; path = t1types.h; sourceTree = "<group>"; };
		E4EC7C8413A4DD09001299F2 /* tttypes.h */ = {isa = PBXFileReference; fileEncoding = 4; lastKnownFileType = sourcecode.c.h; path = tttypes.h; sourceTree = "<group>"; };
		E4EC7C8513A4DD09001299F2 /* t1tables.h */ = {isa = PBXFileReference; fileEncoding = 4; lastKnownFileType = sourcecode.c.h; path = t1tables.h; sourceTree = "<group>"; };
		E4EC7C8613A4DD09001299F2 /* ttnameid.h */ = {isa = PBXFileReference; fileEncoding = 4; lastKnownFileType = sourcecode.c.h; path = ttnameid.h; sourceTree = "<group>"; };
		E4EC7C8713A4DD09001299F2 /* tttables.h */ = {isa = PBXFileReference; fileEncoding = 4; lastKnownFileType = sourcecode.c.h; path = tttables.h; sourceTree = "<group>"; };
		E4EC7C8813A4DD09001299F2 /* tttags.h */ = {isa = PBXFileReference; fileEncoding = 4; lastKnownFileType = sourcecode.c.h; path = tttags.h; sourceTree = "<group>"; };
		E4EC7C8913A4DD09001299F2 /* ttunpat.h */ = {isa = PBXFileReference; fileEncoding = 4; lastKnownFileType = sourcecode.c.h; path = ttunpat.h; sourceTree = "<group>"; };
		E4EC7C8A13A4DD09001299F2 /* ft2build.h */ = {isa = PBXFileReference; fileEncoding = 4; lastKnownFileType = sourcecode.c.h; path = ft2build.h; sourceTree = "<group>"; };
		E4EC7C8C13A4DD09001299F2 /* libFreetype2.a */ = {isa = PBXFileReference; lastKnownFileType = archive.ar; path = libFreetype2.a; sourceTree = "<group>"; };
		E4FE2C0C13893A490034BE2F /* main.cpp */ = {isa = PBXFileReference; fileEncoding = 4; lastKnownFileType = sourcecode.cpp.cpp; path = main.cpp; sourceTree = "<group>"; };
		E4FE2C0D13893A490034BE2F /* testApp.cpp */ = {isa = PBXFileReference; fileEncoding = 4; lastKnownFileType = sourcecode.cpp.cpp; path = testApp.cpp; sourceTree = "<group>"; };
		E4FE2C0E13893A490034BE2F /* testApp.h */ = {isa = PBXFileReference; fileEncoding = 4; lastKnownFileType = sourcecode.c.h; path = testApp.h; sourceTree = "<group>"; };
		E4FE2C1013893A490034BE2F /* ofxColor.h */ = {isa = PBXFileReference; fileEncoding = 4; lastKnownFileType = sourcecode.c.h; path = ofxColor.h; sourceTree = "<group>"; };
		E4FE2C1113893A490034BE2F /* ofxColorBase.cpp */ = {isa = PBXFileReference; fileEncoding = 4; lastKnownFileType = sourcecode.cpp.cpp; path = ofxColorBase.cpp; sourceTree = "<group>"; };
		E4FE2C1213893A490034BE2F /* ofxColorBase.h */ = {isa = PBXFileReference; fileEncoding = 4; lastKnownFileType = sourcecode.c.h; path = ofxColorBase.h; sourceTree = "<group>"; };
		E4FE2C1313893A490034BE2F /* ofxColorConversion.h */ = {isa = PBXFileReference; fileEncoding = 4; lastKnownFileType = sourcecode.c.h; path = ofxColorConversion.h; sourceTree = "<group>"; };
		E4FE2C1413893A490034BE2F /* ofxColorMatching.h */ = {isa = PBXFileReference; fileEncoding = 4; lastKnownFileType = sourcecode.c.h; path = ofxColorMatching.h; sourceTree = "<group>"; };
		E4FE2C1513893A490034BE2F /* ofxColorMath.h */ = {isa = PBXFileReference; fileEncoding = 4; lastKnownFileType = sourcecode.c.h; path = ofxColorMath.h; sourceTree = "<group>"; };
		E4FE2C1613893A490034BE2F /* ofxColorShared.h */ = {isa = PBXFileReference; fileEncoding = 4; lastKnownFileType = sourcecode.c.h; path = ofxColorShared.h; sourceTree = "<group>"; };
/* End PBXFileReference section */

/* Begin PBXFrameworksBuildPhase section */
		1D60588F0D05DD3D006BFB54 /* Frameworks */ = {
			isa = PBXFrameworksBuildPhase;
			buildActionMask = 2147483647;
			files = (
				1D60589F0D05DD5A006BFB54 /* Foundation.framework in Frameworks */,
				1DF5F4E00D08C38300B7A737 /* UIKit.framework in Frameworks */,
				288765A50DF7441C002DB57D /* CoreGraphics.framework in Frameworks */,
				E49064DC137029970034C2F5 /* OpenGLES.framework in Frameworks */,
				E49064E2137029E20034C2F5 /* QuartzCore.framework in Frameworks */,
				E44D3EE8137BDCA800345249 /* AudioToolbox.framework in Frameworks */,
				E4EC7C8D13A4DD09001299F2 /* libFreetype2.a in Frameworks */,
				E4C91ECE13ADF94200B8892F /* AVFoundation.framework in Frameworks */,
			);
			runOnlyForDeploymentPostprocessing = 0;
		};
/* End PBXFrameworksBuildPhase section */

/* Begin PBXGroup section */
		080E96DDFE201D6D7F000001 /* Classes */ = {
			isa = PBXGroup;
			children = (
				1D3623240D0F684500981E51 /* MusicreedAppDelegate.h */,
				1D3623250D0F684500981E51 /* MusicreedAppDelegate.mm */,
				E4E65099137FF7CA00DFCE6E /* MainWindow.xib */,
				28D7ACF60DDB3853001CB0EB /* MusicreedViewController.h */,
				28D7ACF70DDB3853001CB0EB /* MusicreedViewController.mm */,
				E4E6509A137FF7CA00DFCE6E /* MusicreedViewController.xib */,
				E490648E13700BD90034C2F5 /* EAGLView.h */,
				E490648F13700BD90034C2F5 /* EAGLView.mm */,
				E44D3E17137BD05B00345249 /* TouchView.h */,
				E44D3E18137BD05B00345249 /* TouchView.mm */,
				E48615E613694F81000851FA /* ScalesTable.h */,
				E48615E713694F81000851FA /* ScalesTable.m */,
				E4E6509C137FF7CA00DFCE6E /* ScalesTable.xib */,
				E400FE03136D50A7006A18DD /* ScaleCell.h */,
				E400FE04136D50A7006A18DD /* ScaleCell.m */,
				E4E6509B137FF7CA00DFCE6E /* ScaleCell.xib */,
				E49065C01370393E0034C2F5 /* CustomFontLabel.h */,
				E49065C11370393E0034C2F5 /* CustomFontLabel.m */,
				E49065CA13703A090034C2F5 /* CustomButton.h */,
				E49065CB13703A090034C2F5 /* CustomButton.m */,
				E4C91EA913ADF4AD00B8892F /* RKMacros.h */,
			);
			path = Classes;
			sourceTree = "<group>";
		};
		19C28FACFE9D520D11CA2CBB /* Products */ = {
			isa = PBXGroup;
			children = (
				1D6058910D05DD3D006BFB54 /* Musicreed.app */,
			);
			name = Products;
			sourceTree = "<group>";
		};
		29B97314FDCFA39411CA2CEA /* CustomTemplate */ = {
			isa = PBXGroup;
			children = (
				080E96DDFE201D6D7F000001 /* Classes */,
				E49064A6137024DA0034C2F5 /* src */,
				E4DD0D8C136978F000DB1B03 /* Model Classes */,
				29B97315FDCFA39411CA2CEA /* Other Sources */,
				29B97317FDCFA39411CA2CEA /* Resources */,
				29B97323FDCFA39411CA2CEA /* Frameworks */,
				19C28FACFE9D520D11CA2CBB /* Products */,
				E44D3EE7137BDCA800345249 /* AudioToolbox.framework */,
				E4C91ECD13ADF94200B8892F /* AVFoundation.framework */,
			);
			name = CustomTemplate;
			sourceTree = "<group>";
		};
		29B97315FDCFA39411CA2CEA /* Other Sources */ = {
			isa = PBXGroup;
			children = (
				E4E650AE137FF84700DFCE6E /* main.m */,
				32CA4F630368D1EE00C91783 /* Musicreed_Prefix.pch */,
			);
			name = "Other Sources";
			sourceTree = "<group>";
		};
		29B97317FDCFA39411CA2CEA /* Resources */ = {
			isa = PBXGroup;
			children = (
				E4E650A1137FF7F700DFCE6E /* MAIAN.TTF */,
				E4E650A2137FF7F700DFCE6E /* Maiandra GD Demi Bold.ttf */,
				E4E650A3137FF7F700DFCE6E /* systems.xml */,
				E44D3E13137BCF7700345249 /* data */,
				8D1107310486CEB800E47090 /* Musicreed-Info.plist */,
			);
			name = Resources;
			sourceTree = "<group>";
		};
		29B97323FDCFA39411CA2CEA /* Frameworks */ = {
			isa = PBXGroup;
			children = (
				E49064E1137029E20034C2F5 /* QuartzCore.framework */,
				1DF5F4DF0D08C38300B7A737 /* UIKit.framework */,
				1D30AB110D05D00D00671497 /* Foundation.framework */,
				288765A40DF7441C002DB57D /* CoreGraphics.framework */,
				E49064DB137029970034C2F5 /* OpenGLES.framework */,
			);
			name = Frameworks;
			sourceTree = "<group>";
		};
		E44D3EB0137BD7E400345249 /* ofxAudioFile */ = {
			isa = PBXGroup;
			children = (
				E44D3EB1137BD7E400345249 /* iPublicUtility */,
				E44D3EB8137BD7E400345249 /* README */,
				E44D3EB9137BD7E400345249 /* src */,
			);
			name = ofxAudioFile;
			path = "../of_preRelease_v0061_osxSL_FAT/My Addons/ofxAudioFile";
			sourceTree = SOURCE_ROOT;
		};
		E44D3EB1137BD7E400345249 /* iPublicUtility */ = {
			isa = PBXGroup;
			children = (
				E44D3EB2137BD7E400345249 /* CADebugMacros.h */,
				E44D3EB3137BD7E400345249 /* CAMath.h */,
				E44D3EB4137BD7E400345249 /* CAStreamBasicDescription.cpp */,
				E44D3EB5137BD7E400345249 /* CAStreamBasicDescription.h */,
				E44D3EB6137BD7E400345249 /* CAXException.cpp */,
				E44D3EB7137BD7E400345249 /* CAXException.h */,
			);
			path = iPublicUtility;
			sourceTree = "<group>";
		};
		E44D3EB9137BD7E400345249 /* src */ = {
			isa = PBXGroup;
			children = (
				E44D3EBA137BD7E400345249 /* ofxAudioFile.h */,
				E44D3EBB137BD7E400345249 /* ofxAudioFile.mm */,
			);
			path = src;
			sourceTree = "<group>";
		};
		E44D3EDF137BDA2700345249 /* milgron */ = {
			isa = PBXGroup;
			children = (
				E44D3EE0137BDA4900345249 /* ofSoundStream.h */,
				E44D3EE1137BDA4900345249 /* ofxiPhoneSoundStream.mm */,
			);
			name = milgron;
			sourceTree = "<group>";
		};
		E44D3F12137BED9900345249 /* ofxiTexture */ = {
			isa = PBXGroup;
			children = (
				E44D3F13137BED9900345249 /* src */,
			);
			name = ofxiTexture;
			path = "../of_preRelease_v0061_osxSL_FAT/My Addons/ofxiTexture";
			sourceTree = SOURCE_ROOT;
		};
		E44D3F13137BED9900345249 /* src */ = {
			isa = PBXGroup;
			children = (
				E44D3F14137BED9900345249 /* ofxiTexture.h */,
				E44D3F15137BED9900345249 /* ofxiTexture.mm */,
			);
			path = src;
			sourceTree = "<group>";
		};
		E49064A6137024DA0034C2F5 /* src */ = {
			isa = PBXGroup;
			children = (
				E40B0332137FD062001008FE /* testApp.h */,
				E40B0333137FD062001008FE /* testApp.mm */,
				E40B0331137FD062001008FE /* Disc.h */,
				E40B0330137FD062001008FE /* Disc.cpp */,
				E49DC9BF13A7A13300E3C79F /* notationUtils.h */,
				E49DC9C013A7A13300E3C79F /* notationUtils.cpp */,
				E49064CF137026F50034C2F5 /* addons */,
				E49064B6137026460034C2F5 /* myOF */,
			);
			name = src;
			sourceTree = "<group>";
		};
		E49064B6137026460034C2F5 /* myOF */ = {
			isa = PBXGroup;
			children = (
				E49064B7137026460034C2F5 /* ofMain.h */,
				E49064B8137026460034C2F5 /* ofMain.mm */,
				E49064B9137026460034C2F5 /* ofTypes.h */,
				E49064BA137026460034C2F5 /* ofxiPhoneExtras.h */,
				E49064BB137026460034C2F5 /* ofxiPhoneExtras.mm */,
			);
			name = myOF;
			path = "../of_preRelease_v0061_osxSL_FAT/My Addons/myOF";
			sourceTree = SOURCE_ROOT;
		};
		E49064CF137026F50034C2F5 /* addons */ = {
			isa = PBXGroup;
			children = (
				E4EC7B5313A4CC4B001299F2 /* ofTrueTypeFont */,
				E4946016138A582A00B395CB /* ofxXmlSettings */,
				E4FE2C0613893A490034BE2F /* ofxColor */,
				E4DF6DE8138278C000F96763 /* ofxAudio */,
				E44D3F12137BED9900345249 /* ofxiTexture */,
				E44D3EDF137BDA2700345249 /* milgron */,
				E44D3EB0137BD7E400345249 /* ofxAudioFile */,
				E49064D0137027040034C2F5 /* common */,
			);
			name = addons;
			sourceTree = "<group>";
		};
		E49064D0137027040034C2F5 /* common */ = {
			isa = PBXGroup;
			children = (
				E49064D1137027040034C2F5 /* easing.cpp */,
				E49064D2137027040034C2F5 /* easing.h */,
				E49064D3137027040034C2F5 /* ofMainExt.h */,
				E49064D4137027040034C2F5 /* ofMainExt.mm */,
			);
			name = common;
			path = "../of_preRelease_v0061_osxSL_FAT/My Addons/common";
			sourceTree = SOURCE_ROOT;
		};
		E4946016138A582A00B395CB /* ofxXmlSettings */ = {
			isa = PBXGroup;
			children = (
				E4946018138A582A00B395CB /* libs */,
				E494601D138A582A00B395CB /* src */,
			);
			name = ofxXmlSettings;
			path = ../of_preRelease_v0061_osxSL_FAT/addons/ofxXmlSettings;
			sourceTree = SOURCE_ROOT;
		};
		E4946018138A582A00B395CB /* libs */ = {
			isa = PBXGroup;
			children = (
				E4946019138A582A00B395CB /* tinyxml.cpp */,
				E494601A138A582A00B395CB /* tinyxml.h */,
				E494601B138A582A00B395CB /* tinyxmlerror.cpp */,
				E494601C138A582A00B395CB /* tinyxmlparser.cpp */,
			);
			path = libs;
			sourceTree = "<group>";
		};
		E494601D138A582A00B395CB /* src */ = {
			isa = PBXGroup;
			children = (
				E494601E138A582A00B395CB /* ofxXmlSettings.cpp */,
				E494601F138A582A00B395CB /* ofxXmlSettings.h */,
			);
			path = src;
			sourceTree = "<group>";
		};
		E4DD0D8C136978F000DB1B03 /* Model Classes */ = {
			isa = PBXGroup;
			children = (
				E40B02F3137FC861001008FE /* MusicalScale.h */,
				E40B02F4137FC861001008FE /* MusicalScale.m */,
				E40B02F5137FC861001008FE /* MusicalSystem.h */,
				E40B02F6137FC861001008FE /* MusicalSystem.m */,
			);
			name = "Model Classes";
			sourceTree = "<group>";
		};
		E4DF6DE8138278C000F96763 /* ofxAudio */ = {
			isa = PBXGroup;
			children = (
				E4DF6DE9138278C100F96763 /* src */,
			);
			name = ofxAudio;
			path = "../of_preRelease_v0061_osxSL_FAT/My Addons/ofxAudio";
			sourceTree = SOURCE_ROOT;
		};
		E4DF6DE9138278C100F96763 /* src */ = {
			isa = PBXGroup;
			children = (
				E4DF6DEB138278C100F96763 /* ofxAudioInstrument.h */,
				E4DF6DEA138278C100F96763 /* ofxAudioInstrument.cpp */,
			);
			path = src;
			sourceTree = "<group>";
		};
		E4EC7B5313A4CC4B001299F2 /* ofTrueTypeFont */ = {
			isa = PBXGroup;
			children = (
				E4EC7B5413A4CC4B001299F2 /* libs */,
				E4EC7B8C13A4CC4B001299F2 /* src */,
			);
			name = ofTrueTypeFont;
			path = "../of_preRelease_v0061_osxSL_FAT/My Addons/ofTrueTypeFont";
			sourceTree = SOURCE_ROOT;
		};
		E4EC7B5413A4CC4B001299F2 /* libs */ = {
			isa = PBXGroup;
			children = (
				E4EC7C3113A4DD09001299F2 /* freetype2-ios */,
			);
			path = libs;
			sourceTree = "<group>";
		};
		E4EC7B8C13A4CC4B001299F2 /* src */ = {
			isa = PBXGroup;
			children = (
				E4EC7B8D13A4CC4B001299F2 /* ofTrueTypeFont.cpp */,
				E4EC7B8E13A4CC4B001299F2 /* ofTrueTypeFont.h */,
				E4EC7BE613A4D636001299F2 /* ofTTF.h */,
				E4EC7BE713A4D636001299F2 /* ofTTF.cpp */,
			);
			path = src;
			sourceTree = "<group>";
		};
		E4EC7C3113A4DD09001299F2 /* freetype2-ios */ = {
			isa = PBXGroup;
			children = (
				E4EC7C3213A4DD09001299F2 /* include */,
				E4EC7C8B13A4DD09001299F2 /* lib */,
			);
			path = "freetype2-ios";
			sourceTree = "<group>";
		};
		E4EC7C3213A4DD09001299F2 /* include */ = {
			isa = PBXGroup;
			children = (
				E4EC7C3313A4DD09001299F2 /* freetype */,
				E4EC7C8A13A4DD09001299F2 /* ft2build.h */,
			);
			path = include;
			sourceTree = "<group>";
		};
		E4EC7C3313A4DD09001299F2 /* freetype */ = {
			isa = PBXGroup;
			children = (
				E4EC7C3413A4DD09001299F2 /* config */,
				E4EC7C3A13A4DD09001299F2 /* freetype.h */,
				E4EC7C3B13A4DD09001299F2 /* ftadvanc.h */,
				E4EC7C3C13A4DD09001299F2 /* ftbbox.h */,
				E4EC7C3D13A4DD09001299F2 /* ftbdf.h */,
				E4EC7C3E13A4DD09001299F2 /* ftbitmap.h */,
				E4EC7C3F13A4DD09001299F2 /* ftcache.h */,
				E4EC7C4013A4DD09001299F2 /* ftchapters.h */,
				E4EC7C4113A4DD09001299F2 /* ftcid.h */,
				E4EC7C4213A4DD09001299F2 /* fterrdef.h */,
				E4EC7C4313A4DD09001299F2 /* fterrors.h */,
				E4EC7C4413A4DD09001299F2 /* ftgasp.h */,
				E4EC7C4513A4DD09001299F2 /* ftglyph.h */,
				E4EC7C4613A4DD09001299F2 /* ftgxval.h */,
				E4EC7C4713A4DD09001299F2 /* ftgzip.h */,
				E4EC7C4813A4DD09001299F2 /* ftimage.h */,
				E4EC7C4913A4DD09001299F2 /* ftincrem.h */,
				E4EC7C4A13A4DD09001299F2 /* ftlcdfil.h */,
				E4EC7C4B13A4DD09001299F2 /* ftlist.h */,
				E4EC7C4C13A4DD09001299F2 /* ftlzw.h */,
				E4EC7C4D13A4DD09001299F2 /* ftmac.h */,
				E4EC7C4E13A4DD09001299F2 /* ftmm.h */,
				E4EC7C4F13A4DD09001299F2 /* ftmodapi.h */,
				E4EC7C5013A4DD09001299F2 /* ftmoderr.h */,
				E4EC7C5113A4DD09001299F2 /* ftotval.h */,
				E4EC7C5213A4DD09001299F2 /* ftoutln.h */,
				E4EC7C5313A4DD09001299F2 /* ftpfr.h */,
				E4EC7C5413A4DD09001299F2 /* ftrender.h */,
				E4EC7C5513A4DD09001299F2 /* ftsizes.h */,
				E4EC7C5613A4DD09001299F2 /* ftsnames.h */,
				E4EC7C5713A4DD09001299F2 /* ftstroke.h */,
				E4EC7C5813A4DD09001299F2 /* ftsynth.h */,
				E4EC7C5913A4DD09001299F2 /* ftsystem.h */,
				E4EC7C5A13A4DD09001299F2 /* fttrigon.h */,
				E4EC7C5B13A4DD09001299F2 /* fttypes.h */,
				E4EC7C5C13A4DD09001299F2 /* ftwinfnt.h */,
				E4EC7C5D13A4DD09001299F2 /* ftxf86.h */,
				E4EC7C5E13A4DD09001299F2 /* internal */,
				E4EC7C8513A4DD09001299F2 /* t1tables.h */,
				E4EC7C8613A4DD09001299F2 /* ttnameid.h */,
				E4EC7C8713A4DD09001299F2 /* tttables.h */,
				E4EC7C8813A4DD09001299F2 /* tttags.h */,
				E4EC7C8913A4DD09001299F2 /* ttunpat.h */,
			);
			path = freetype;
			sourceTree = "<group>";
		};
		E4EC7C3413A4DD09001299F2 /* config */ = {
			isa = PBXGroup;
			children = (
				E4EC7C3513A4DD09001299F2 /* ftconfig.h */,
				E4EC7C3613A4DD09001299F2 /* ftheader.h */,
				E4EC7C3713A4DD09001299F2 /* ftmodule.h */,
				E4EC7C3813A4DD09001299F2 /* ftoption.h */,
				E4EC7C3913A4DD09001299F2 /* ftstdlib.h */,
			);
			path = config;
			sourceTree = "<group>";
		};
		E4EC7C5E13A4DD09001299F2 /* internal */ = {
			isa = PBXGroup;
			children = (
				E4EC7C5F13A4DD09001299F2 /* autohint.h */,
				E4EC7C6013A4DD09001299F2 /* ftcalc.h */,
				E4EC7C6113A4DD09001299F2 /* ftdebug.h */,
				E4EC7C6213A4DD09001299F2 /* ftdriver.h */,
				E4EC7C6313A4DD09001299F2 /* ftgloadr.h */,
				E4EC7C6413A4DD09001299F2 /* ftmemory.h */,
				E4EC7C6513A4DD09001299F2 /* ftobjs.h */,
				E4EC7C6613A4DD09001299F2 /* ftpic.h */,
				E4EC7C6713A4DD09001299F2 /* ftrfork.h */,
				E4EC7C6813A4DD09001299F2 /* ftserv.h */,
				E4EC7C6913A4DD09001299F2 /* ftstream.h */,
				E4EC7C6A13A4DD09001299F2 /* fttrace.h */,
				E4EC7C6B13A4DD09001299F2 /* ftvalid.h */,
				E4EC7C6C13A4DD09001299F2 /* internal.h */,
				E4EC7C6D13A4DD09001299F2 /* pcftypes.h */,
				E4EC7C6E13A4DD09001299F2 /* psaux.h */,
				E4EC7C6F13A4DD09001299F2 /* pshints.h */,
				E4EC7C7013A4DD09001299F2 /* services */,
				E4EC7C8213A4DD09001299F2 /* sfnt.h */,
				E4EC7C8313A4DD09001299F2 /* t1types.h */,
				E4EC7C8413A4DD09001299F2 /* tttypes.h */,
			);
			path = internal;
			sourceTree = "<group>";
		};
		E4EC7C7013A4DD09001299F2 /* services */ = {
			isa = PBXGroup;
			children = (
				E4EC7C7113A4DD09001299F2 /* svbdf.h */,
				E4EC7C7213A4DD09001299F2 /* svcid.h */,
				E4EC7C7313A4DD09001299F2 /* svgldict.h */,
				E4EC7C7413A4DD09001299F2 /* svgxval.h */,
				E4EC7C7513A4DD09001299F2 /* svkern.h */,
				E4EC7C7613A4DD09001299F2 /* svmm.h */,
				E4EC7C7713A4DD09001299F2 /* svotval.h */,
				E4EC7C7813A4DD09001299F2 /* svpfr.h */,
				E4EC7C7913A4DD09001299F2 /* svpostnm.h */,
				E4EC7C7A13A4DD09001299F2 /* svpscmap.h */,
				E4EC7C7B13A4DD09001299F2 /* svpsinfo.h */,
				E4EC7C7C13A4DD09001299F2 /* svsfnt.h */,
				E4EC7C7D13A4DD09001299F2 /* svttcmap.h */,
				E4EC7C7E13A4DD09001299F2 /* svtteng.h */,
				E4EC7C7F13A4DD09001299F2 /* svttglyf.h */,
				E4EC7C8013A4DD09001299F2 /* svwinfnt.h */,
				E4EC7C8113A4DD09001299F2 /* svxf86nm.h */,
			);
			path = services;
			sourceTree = "<group>";
		};
		E4EC7C8B13A4DD09001299F2 /* lib */ = {
			isa = PBXGroup;
			children = (
				E4EC7C8C13A4DD09001299F2 /* libFreetype2.a */,
			);
			path = lib;
			sourceTree = "<group>";
		};
		E4FE2C0613893A490034BE2F /* ofxColor */ = {
			isa = PBXGroup;
			children = (
				E4FE2C0713893A490034BE2F /* examples */,
				E4FE2C0F13893A490034BE2F /* src */,
			);
			name = ofxColor;
			path = ../of_preRelease_v0061_osxSL_FAT/moreAddons/ofxColor;
			sourceTree = SOURCE_ROOT;
		};
		E4FE2C0713893A490034BE2F /* examples */ = {
			isa = PBXGroup;
			children = (
				E4FE2C0813893A490034BE2F /* ofxColorDemo */,
			);
			path = examples;
			sourceTree = "<group>";
		};
		E4FE2C0813893A490034BE2F /* ofxColorDemo */ = {
			isa = PBXGroup;
			children = (
				E4FE2C0B13893A490034BE2F /* src */,
			);
			path = ofxColorDemo;
			sourceTree = "<group>";
		};
		E4FE2C0B13893A490034BE2F /* src */ = {
			isa = PBXGroup;
			children = (
				E4FE2C0C13893A490034BE2F /* main.cpp */,
				E4FE2C0D13893A490034BE2F /* testApp.cpp */,
				E4FE2C0E13893A490034BE2F /* testApp.h */,
			);
			path = src;
			sourceTree = "<group>";
		};
		E4FE2C0F13893A490034BE2F /* src */ = {
			isa = PBXGroup;
			children = (
				E4FE2C1013893A490034BE2F /* ofxColor.h */,
				E4FE2C1113893A490034BE2F /* ofxColorBase.cpp */,
				E4FE2C1213893A490034BE2F /* ofxColorBase.h */,
				E4FE2C1313893A490034BE2F /* ofxColorConversion.h */,
				E4FE2C1413893A490034BE2F /* ofxColorMatching.h */,
				E4FE2C1513893A490034BE2F /* ofxColorMath.h */,
				E4FE2C1613893A490034BE2F /* ofxColorShared.h */,
			);
			path = src;
			sourceTree = "<group>";
		};
/* End PBXGroup section */

/* Begin PBXNativeTarget section */
		1D6058900D05DD3D006BFB54 /* Musicreed */ = {
			isa = PBXNativeTarget;
			buildConfigurationList = 1D6058960D05DD3E006BFB54 /* Build configuration list for PBXNativeTarget "Musicreed" */;
			buildPhases = (
				1D60588D0D05DD3D006BFB54 /* Resources */,
				1D60588E0D05DD3D006BFB54 /* Sources */,
				1D60588F0D05DD3D006BFB54 /* Frameworks */,
			);
			buildRules = (
			);
			dependencies = (
			);
			name = Musicreed;
			productName = Musicreed;
			productReference = 1D6058910D05DD3D006BFB54 /* Musicreed.app */;
			productType = "com.apple.product-type.application";
		};
/* End PBXNativeTarget section */

/* Begin PBXProject section */
		29B97313FDCFA39411CA2CEA /* Project object */ = {
			isa = PBXProject;
			buildConfigurationList = C01FCF4E08A954540054247B /* Build configuration list for PBXProject "Musicreed" */;
			compatibilityVersion = "Xcode 3.1";
			developmentRegion = English;
			hasScannedForEncodings = 1;
			knownRegions = (
				English,
				Japanese,
				French,
				German,
			);
			mainGroup = 29B97314FDCFA39411CA2CEA /* CustomTemplate */;
			projectDirPath = "";
			projectRoot = "";
			targets = (
				1D6058900D05DD3D006BFB54 /* Musicreed */,
			);
		};
/* End PBXProject section */

/* Begin PBXResourcesBuildPhase section */
		1D60588D0D05DD3D006BFB54 /* Resources */ = {
			isa = PBXResourcesBuildPhase;
			buildActionMask = 2147483647;
			files = (
				E44D3E16137BCF7700345249 /* data in Resources */,
				E44D3EBE137BD7E400345249 /* README in Resources */,
				E4E6509D137FF7CA00DFCE6E /* MainWindow.xib in Resources */,
				E4E6509E137FF7CA00DFCE6E /* MusicreedViewController.xib in Resources */,
				E4E6509F137FF7CA00DFCE6E /* ScaleCell.xib in Resources */,
				E4E650A0137FF7CA00DFCE6E /* ScalesTable.xib in Resources */,
				E4E650A4137FF7F700DFCE6E /* MAIAN.TTF in Resources */,
				E4E650A5137FF7F700DFCE6E /* Maiandra GD Demi Bold.ttf in Resources */,
				E4E650A6137FF7F700DFCE6E /* systems.xml in Resources */,
			);
			runOnlyForDeploymentPostprocessing = 0;
		};
/* End PBXResourcesBuildPhase section */

/* Begin PBXSourcesBuildPhase section */
		1D60588E0D05DD3D006BFB54 /* Sources */ = {
			isa = PBXSourcesBuildPhase;
			buildActionMask = 2147483647;
			files = (
				1D3623260D0F684500981E51 /* MusicreedAppDelegate.mm in Sources */,
				28D7ACF80DDB3853001CB0EB /* MusicreedViewController.mm in Sources */,
				E48615E913694F81000851FA /* ScalesTable.m in Sources */,
				E400FE05136D50A7006A18DD /* ScaleCell.m in Sources */,
				E490649013700BD90034C2F5 /* EAGLView.mm in Sources */,
				E49064BC137026460034C2F5 /* ofMain.mm in Sources */,
				E49064BD137026460034C2F5 /* ofxiPhoneExtras.mm in Sources */,
				E49064D5137027040034C2F5 /* easing.cpp in Sources */,
				E49064D6137027040034C2F5 /* ofMainExt.mm in Sources */,
				E49065C21370393E0034C2F5 /* CustomFontLabel.m in Sources */,
				E49065CC13703A090034C2F5 /* CustomButton.m in Sources */,
				E44D3E19137BD05B00345249 /* TouchView.mm in Sources */,
				E44D3EBC137BD7E400345249 /* CAStreamBasicDescription.cpp in Sources */,
				E44D3EBD137BD7E400345249 /* CAXException.cpp in Sources */,
				E44D3EBF137BD7E400345249 /* ofxAudioFile.mm in Sources */,
				E44D3EE2137BDA4900345249 /* ofxiPhoneSoundStream.mm in Sources */,
				E44D3F16137BED9900345249 /* ofxiTexture.mm in Sources */,
				E40B02F7137FC861001008FE /* MusicalScale.m in Sources */,
				E40B02F8137FC861001008FE /* MusicalSystem.m in Sources */,
				E40B0334137FD062001008FE /* Disc.cpp in Sources */,
				E40B0335137FD062001008FE /* testApp.mm in Sources */,
				E4E650AF137FF84700DFCE6E /* main.m in Sources */,
				E4DF6DEE138278C100F96763 /* ofxAudioInstrument.cpp in Sources */,
				E4FE2C1B13893A490034BE2F /* ofxColorBase.cpp in Sources */,
				E4946021138A582A00B395CB /* tinyxml.cpp in Sources */,
				E4946022138A582A00B395CB /* tinyxmlerror.cpp in Sources */,
				E4946023138A582A00B395CB /* tinyxmlparser.cpp in Sources */,
				E4946024138A582A00B395CB /* ofxXmlSettings.cpp in Sources */,
				E4EC7B9113A4CC4B001299F2 /* ofTrueTypeFont.cpp in Sources */,
				E4EC7BE813A4D636001299F2 /* ofTTF.cpp in Sources */,
				E49DC9C113A7A13300E3C79F /* notationUtils.cpp in Sources */,
			);
			runOnlyForDeploymentPostprocessing = 0;
		};
/* End PBXSourcesBuildPhase section */

/* Begin XCBuildConfiguration section */
		1D6058940D05DD3E006BFB54 /* Debug */ = {
			isa = XCBuildConfiguration;
			buildSettings = {
				ALWAYS_SEARCH_USER_PATHS = NO;
				ARCHS = "$(ARCHS_UNIVERSAL_IPHONE_OS)";
				"CODE_SIGN_IDENTITY[sdk=iphoneos*]" = "iPhone Developer: Roee Kremer (S8LHA25A98)";
				COPY_PHASE_STRIP = NO;
				GCC_DYNAMIC_NO_PIC = NO;
				GCC_OPTIMIZATION_LEVEL = 0;
				GCC_PRECOMPILE_PREFIX_HEADER = YES;
				GCC_PREFIX_HEADER = Musicreed_Prefix.pch;
				HEADER_SEARCH_PATHS = (
					"/Users/roikr/Developer/of_preRelease_v0061_osxSL_FAT/My\\ Addons/ofTrueTypeFont/libs/freetype2-ios/include/**",
					"/Users/roikr/Developer/Platforms/iPhoneOS.platform/Developer/SDKs/iPhoneOS$(IPHONEOS_DEPLOYMENT_TARGET).sdk/include",
				);
				INFOPLIST_FILE = "Musicreed-Info.plist";
				IPHONEOS_DEPLOYMENT_TARGET = 4.0;
				LIBRARY_SEARCH_PATHS = (
					"/Users/roikr/Developer/Platforms/iPhoneOS.platform/Developer/SDKs/iPhoneOS$(IPHONEOS_DEPLOYMENT_TARGET).sdk/lib",
					"\"$(SRCROOT)/../of_preRelease_v0061_osxSL_FAT/My Addons/ofTrueTypeFont/libs/freetype2-ios/lib\"",
				);
				ONLY_ACTIVE_ARCH = YES;
				OTHER_LDFLAGS = "-lGLU";
				PRODUCT_NAME = Musicreed;
				"PROVISIONING_PROFILE[sdk=iphoneos*]" = "652B8C8A-B39F-4204-9460-125C661028E4";
			};
			name = Debug;
		};
		1D6058950D05DD3E006BFB54 /* Release */ = {
			isa = XCBuildConfiguration;
			buildSettings = {
				ALWAYS_SEARCH_USER_PATHS = NO;
				ARCHS = "$(ARCHS_UNIVERSAL_IPHONE_OS)";
				COPY_PHASE_STRIP = YES;
				GCC_PRECOMPILE_PREFIX_HEADER = YES;
				GCC_PREFIX_HEADER = Musicreed_Prefix.pch;
				HEADER_SEARCH_PATHS = (
					"/Users/roikr/Developer/of_preRelease_v0061_osxSL_FAT/My\\ Addons/ofTrueTypeFont/libs/freetype2-ios/include/**",
					"/Users/roikr/Developer/Platforms/iPhoneOS.platform/Developer/SDKs/iPhoneOS$(IPHONEOS_DEPLOYMENT_TARGET).sdk/include",
				);
				INFOPLIST_FILE = "Musicreed-Info.plist";
				IPHONEOS_DEPLOYMENT_TARGET = 4.0;
				LIBRARY_SEARCH_PATHS = (
					"/Users/roikr/Developer/Platforms/iPhoneOS.platform/Developer/SDKs/iPhoneOS$(IPHONEOS_DEPLOYMENT_TARGET).sdk/lib",
					"\"$(SRCROOT)/../of_preRelease_v0061_osxSL_FAT/My Addons/ofTrueTypeFont/libs/freetype2-ios/lib\"",
				);
				ONLY_ACTIVE_ARCH = YES;
				OTHER_LDFLAGS = "-lGLU";
				PRODUCT_NAME = Musicreed;
				VALIDATE_PRODUCT = YES;
			};
			name = Release;
		};
		C01FCF4F08A954540054247B /* Debug */ = {
			isa = XCBuildConfiguration;
			buildSettings = {
				ARCHS = "$(ARCHS_STANDARD_32_BIT)";
				"CODE_SIGN_IDENTITY[sdk=iphoneos*]" = "iPhone Developer";
				GCC_C_LANGUAGE_STANDARD = c99;
				GCC_WARN_ABOUT_RETURN_TYPE = YES;
				GCC_WARN_UNUSED_VARIABLE = YES;
				PREBINDING = NO;
				SDKROOT = iphoneos;
			};
			name = Debug;
		};
		C01FCF5008A954540054247B /* Release */ = {
			isa = XCBuildConfiguration;
			buildSettings = {
				ARCHS = "$(ARCHS_STANDARD_32_BIT)";
				"CODE_SIGN_IDENTITY[sdk=iphoneos*]" = "iPhone Developer";
				GCC_C_LANGUAGE_STANDARD = c99;
				GCC_WARN_ABOUT_RETURN_TYPE = YES;
				GCC_WARN_UNUSED_VARIABLE = YES;
				OTHER_CFLAGS = "-DNS_BLOCK_ASSERTIONS=1";
				PREBINDING = NO;
				SDKROOT = iphoneos;
			};
			name = Release;
		};
		E40B024A137FB569001008FE /* Ad Hoc */ = {
			isa = XCBuildConfiguration;
			buildSettings = {
				ARCHS = "$(ARCHS_STANDARD_32_BIT)";
				"CODE_SIGN_IDENTITY[sdk=iphoneos*]" = "iPhone Developer";
				GCC_C_LANGUAGE_STANDARD = c99;
				GCC_WARN_ABOUT_RETURN_TYPE = YES;
				GCC_WARN_UNUSED_VARIABLE = YES;
				OTHER_CFLAGS = "-DNS_BLOCK_ASSERTIONS=1";
				PREBINDING = NO;
				SDKROOT = iphoneos;
			};
			name = "Ad Hoc";
		};
		E40B024B137FB569001008FE /* Ad Hoc */ = {
			isa = XCBuildConfiguration;
			buildSettings = {
				ALWAYS_SEARCH_USER_PATHS = NO;
				ARCHS = "$(ARCHS_UNIVERSAL_IPHONE_OS)";
				"CODE_SIGN_IDENTITY[sdk=iphoneos*]" = "iPhone Distribution: Roee Kremer";
				COPY_PHASE_STRIP = YES;
				GCC_PRECOMPILE_PREFIX_HEADER = YES;
				GCC_PREFIX_HEADER = Musicreed_Prefix.pch;
				HEADER_SEARCH_PATHS = (
					"/Users/roikr/Developer/of_preRelease_v0061_osxSL_FAT/My\\ Addons/ofTrueTypeFont/libs/freetype2-ios/include/**",
					"/Users/roikr/Developer/Platforms/iPhoneOS.platform/Developer/SDKs/iPhoneOS$(IPHONEOS_DEPLOYMENT_TARGET).sdk/include",
				);
				INFOPLIST_FILE = "Musicreed-Info.plist";
				IPHONEOS_DEPLOYMENT_TARGET = 4.0;
				LIBRARY_SEARCH_PATHS = (
					"/Users/roikr/Developer/Platforms/iPhoneOS.platform/Developer/SDKs/iPhoneOS$(IPHONEOS_DEPLOYMENT_TARGET).sdk/lib",
					"\"$(SRCROOT)/../of_preRelease_v0061_osxSL_FAT/My Addons/ofTrueTypeFont/libs/freetype2-ios/lib\"",
				);
				ONLY_ACTIVE_ARCH = YES;
				OTHER_LDFLAGS = "-lGLU";
				PRODUCT_NAME = Musicreed;
				"PROVISIONING_PROFILE[sdk=iphoneos*]" = "BF987F3B-084D-4D59-AC7D-9A8CC6784416";
				VALIDATE_PRODUCT = YES;
			};
			name = "Ad Hoc";
		};
/* End XCBuildConfiguration section */

/* Begin XCConfigurationList section */
		1D6058960D05DD3E006BFB54 /* Build configuration list for PBXNativeTarget "Musicreed" */ = {
			isa = XCConfigurationList;
			buildConfigurations = (
				1D6058940D05DD3E006BFB54 /* Debug */,
				1D6058950D05DD3E006BFB54 /* Release */,
				E40B024B137FB569001008FE /* Ad Hoc */,
			);
			defaultConfigurationIsVisible = 0;
			defaultConfigurationName = Release;
		};
		C01FCF4E08A954540054247B /* Build configuration list for PBXProject "Musicreed" */ = {
			isa = XCConfigurationList;
			buildConfigurations = (
				C01FCF4F08A954540054247B /* Debug */,
				C01FCF5008A954540054247B /* Release */,
				E40B024A137FB569001008FE /* Ad Hoc */,
			);
			defaultConfigurationIsVisible = 0;
			defaultConfigurationName = Release;
		};
/* End XCConfigurationList section */
	};
	rootObject = 29B97313FDCFA39411CA2CEA /* Project object */;
}
