// !$*UTF8*$!
{
	archiveVersion = 1;
	classes = {
	};
	objectVersion = 45;
	objects = {

/* Begin PBXBuildFile section */
		1D3623260D0F684500981E51 /* MusicreedAppDelegate.mm in Sources */ = {isa = PBXBuildFile; fileRef = 1D3623250D0F684500981E51 /* MusicreedAppDelegate.mm */; };
		1D60589F0D05DD5A006BFB54 /* Foundation.framework in Frameworks */ = {isa = PBXBuildFile; fileRef = 1D30AB110D05D00D00671497 /* Foundation.framework */; };
		1DF5F4E00D08C38300B7A737 /* UIKit.framework in Frameworks */ = {isa = PBXBuildFile; fileRef = 1DF5F4DF0D08C38300B7A737 /* UIKit.framework */; };
		288765A50DF7441C002DB57D /* CoreGraphics.framework in Frameworks */ = {isa = PBXBuildFile; fileRef = 288765A40DF7441C002DB57D /* CoreGraphics.framework */; };
		28D7ACF80DDB3853001CB0EB /* MusicreedViewController.mm in Sources */ = {isa = PBXBuildFile; fileRef = 28D7ACF70DDB3853001CB0EB /* MusicreedViewController.mm */; };
		E40B0334137FD062001008FE /* Disc.cpp in Sources */ = {isa = PBXBuildFile; fileRef = E40B0330137FD062001008FE /* Disc.cpp */; };
		E40B0335137FD062001008FE /* testApp.mm in Sources */ = {isa = PBXBuildFile; fileRef = E40B0333137FD062001008FE /* testApp.mm */; };
		E44C046613C1EB5A00C0B62A /* install.xml in Resources */ = {isa = PBXBuildFile; fileRef = E44C045D13C1EB5A00C0B62A /* install.xml */; };
		E44C046713C1EB5A00C0B62A /* tinyxml.cpp in Sources */ = {isa = PBXBuildFile; fileRef = E44C045F13C1EB5A00C0B62A /* tinyxml.cpp */; };
		E44C046813C1EB5A00C0B62A /* tinyxmlerror.cpp in Sources */ = {isa = PBXBuildFile; fileRef = E44C046113C1EB5A00C0B62A /* tinyxmlerror.cpp */; };
		E44C046913C1EB5A00C0B62A /* tinyxmlparser.cpp in Sources */ = {isa = PBXBuildFile; fileRef = E44C046213C1EB5A00C0B62A /* tinyxmlparser.cpp */; };
		E44C046A13C1EB5A00C0B62A /* ofxXmlSettings.cpp in Sources */ = {isa = PBXBuildFile; fileRef = E44C046413C1EB5A00C0B62A /* ofxXmlSettings.cpp */; };
		E44C04C813C1EB6E00C0B62A /* easing.cpp in Sources */ = {isa = PBXBuildFile; fileRef = E44C046C13C1EB6E00C0B62A /* easing.cpp */; };
		E44C04C913C1EB6E00C0B62A /* ofMainExt.mm in Sources */ = {isa = PBXBuildFile; fileRef = E44C046F13C1EB6E00C0B62A /* ofMainExt.mm */; };
		E44C04CA13C1EB6E00C0B62A /* ofMain.mm in Sources */ = {isa = PBXBuildFile; fileRef = E44C047213C1EB6E00C0B62A /* ofMain.mm */; };
		E44C04CB13C1EB6E00C0B62A /* ofxiPhoneExtras.mm in Sources */ = {isa = PBXBuildFile; fileRef = E44C047513C1EB6E00C0B62A /* ofxiPhoneExtras.mm */; };
		E44C04D513C1EB6E00C0B62A /* ofxiTexture.mm in Sources */ = {isa = PBXBuildFile; fileRef = E44C04C713C1EB6E00C0B62A /* ofxiTexture.mm */; };
		E44C04EB13C1EBFE00C0B62A /* ofxButton.cpp in Sources */ = {isa = PBXBuildFile; fileRef = E44C04E913C1EBFE00C0B62A /* ofxButton.cpp */; };
		E44C05D413C20EA500C0B62A /* libFreetype2-arm.a in Frameworks */ = {isa = PBXBuildFile; fileRef = E44C05B913C20EA500C0B62A /* libFreetype2-arm.a */; };
		E44C05D513C20EA500C0B62A /* ofTrueTypeFont.cpp in Sources */ = {isa = PBXBuildFile; fileRef = E44C05BB13C20EA500C0B62A /* ofTrueTypeFont.cpp */; };
		E44D3E19137BD05B00345249 /* TouchView.mm in Sources */ = {isa = PBXBuildFile; fileRef = E44D3E18137BD05B00345249 /* TouchView.mm */; };
		E44D3EE2137BDA4900345249 /* ofxiPhoneSoundStream.mm in Sources */ = {isa = PBXBuildFile; fileRef = E44D3EE1137BDA4900345249 /* ofxiPhoneSoundStream.mm */; };
		E44D3EE8137BDCA800345249 /* AudioToolbox.framework in Frameworks */ = {isa = PBXBuildFile; fileRef = E44D3EE7137BDCA800345249 /* AudioToolbox.framework */; };
		E45FDA10140254600081A207 /* ofxAudioLimiter.cpp in Sources */ = {isa = PBXBuildFile; fileRef = E45FDA0E140254600081A207 /* ofxAudioLimiter.cpp */; };
		E4816CD914262A7600C5C5D6 /* ScaleCell.mm in Sources */ = {isa = PBXBuildFile; fileRef = E4816CD814262A7600C5C5D6 /* ScaleCell.mm */; };
		E481CE2B13F3B72F0034F652 /* ScalesParser.m in Sources */ = {isa = PBXBuildFile; fileRef = E481CE2113F3B72F0034F652 /* ScalesParser.m */; };
		E481CE2C13F3B72F0034F652 /* ScalesTableViewController.mm in Sources */ = {isa = PBXBuildFile; fileRef = E481CE2313F3B72F0034F652 /* ScalesTableViewController.mm */; };
		E481CE2D13F3B72F0034F652 /* ScalesTableViewController.xib in Resources */ = {isa = PBXBuildFile; fileRef = E481CE2413F3B72F0034F652 /* ScalesTableViewController.xib */; };
		E481CE2E13F3B72F0034F652 /* SubsystemTableViewController.mm in Sources */ = {isa = PBXBuildFile; fileRef = E481CE2613F3B72F0034F652 /* SubsystemTableViewController.mm */; };
		E481CE2F13F3B72F0034F652 /* SubsystemTableViewController.xib in Resources */ = {isa = PBXBuildFile; fileRef = E481CE2713F3B72F0034F652 /* SubsystemTableViewController.xib */; };
		E481CE3013F3B72F0034F652 /* SystemTableViewController.mm in Sources */ = {isa = PBXBuildFile; fileRef = E481CE2913F3B72F0034F652 /* SystemTableViewController.mm */; };
		E481CE3113F3B72F0034F652 /* SystemTableViewController.xib in Resources */ = {isa = PBXBuildFile; fileRef = E481CE2A13F3B72F0034F652 /* SystemTableViewController.xib */; };
		E481CE4213F3B78E0034F652 /* Scale.m in Sources */ = {isa = PBXBuildFile; fileRef = E481CE4113F3B78E0034F652 /* Scale.m */; };
		E490649013700BD90034C2F5 /* EAGLView.mm in Sources */ = {isa = PBXBuildFile; fileRef = E490648F13700BD90034C2F5 /* EAGLView.mm */; };
		E49064DC137029970034C2F5 /* OpenGLES.framework in Frameworks */ = {isa = PBXBuildFile; fileRef = E49064DB137029970034C2F5 /* OpenGLES.framework */; };
		E49064E2137029E20034C2F5 /* QuartzCore.framework in Frameworks */ = {isa = PBXBuildFile; fileRef = E49064E1137029E20034C2F5 /* QuartzCore.framework */; };
		E49065C21370393E0034C2F5 /* CustomFontLabel.m in Sources */ = {isa = PBXBuildFile; fileRef = E49065C11370393E0034C2F5 /* CustomFontLabel.m */; };
		E49065CC13703A090034C2F5 /* CustomButton.m in Sources */ = {isa = PBXBuildFile; fileRef = E49065CB13703A090034C2F5 /* CustomButton.m */; };
		E49979711425F66C00D0C459 /* SCALE_DOWN.png in Resources */ = {isa = PBXBuildFile; fileRef = E499796E1425F66C00D0C459 /* SCALE_DOWN.png */; };
		E49979721425F66C00D0C459 /* SCALE_PLAY.png in Resources */ = {isa = PBXBuildFile; fileRef = E499796F1425F66C00D0C459 /* SCALE_PLAY.png */; };
		E49979731425F66C00D0C459 /* SCALE_UP.png in Resources */ = {isa = PBXBuildFile; fileRef = E49979701425F66C00D0C459 /* SCALE_UP.png */; };
		E49DC9C113A7A13300E3C79F /* notationUtils.cpp in Sources */ = {isa = PBXBuildFile; fileRef = E49DC9C013A7A13300E3C79F /* notationUtils.cpp */; };
		E4A8AD9F13FA4EA8006058D4 /* scales.xml in Resources */ = {isa = PBXBuildFile; fileRef = E4A8AD9E13FA4EA8006058D4 /* scales.xml */; };
		E4AF3F1913C221760060359D /* CAStreamBasicDescription.cpp in Sources */ = {isa = PBXBuildFile; fileRef = E4AF3F0D13C221760060359D /* CAStreamBasicDescription.cpp */; };
		E4AF3F1A13C221760060359D /* CAXException.cpp in Sources */ = {isa = PBXBuildFile; fileRef = E4AF3F0F13C221760060359D /* CAXException.cpp */; };
		E4AF3F1B13C221760060359D /* README in Resources */ = {isa = PBXBuildFile; fileRef = E4AF3F1113C221760060359D /* README */; };
		E4AF3F1C13C221760060359D /* ofxAudioFile.mm in Sources */ = {isa = PBXBuildFile; fileRef = E4AF3F1413C221760060359D /* ofxAudioFile.mm */; };
		E4AF3F1D13C221760060359D /* ofxAudioInstrument.cpp in Sources */ = {isa = PBXBuildFile; fileRef = E4AF3F1513C221760060359D /* ofxAudioInstrument.cpp */; };
		E4C91ECE13ADF94200B8892F /* AVFoundation.framework in Frameworks */ = {isa = PBXBuildFile; fileRef = E4C91ECD13ADF94200B8892F /* AVFoundation.framework */; };
		E4E6509D137FF7CA00DFCE6E /* MainWindow.xib in Resources */ = {isa = PBXBuildFile; fileRef = E4E65099137FF7CA00DFCE6E /* MainWindow.xib */; };
		E4E6509E137FF7CA00DFCE6E /* MusicreedViewController.xib in Resources */ = {isa = PBXBuildFile; fileRef = E4E6509A137FF7CA00DFCE6E /* MusicreedViewController.xib */; };
		E4E6509F137FF7CA00DFCE6E /* ScaleCell.xib in Resources */ = {isa = PBXBuildFile; fileRef = E4E6509B137FF7CA00DFCE6E /* ScaleCell.xib */; };
		E4E650A4137FF7F700DFCE6E /* MAIAN.TTF in Resources */ = {isa = PBXBuildFile; fileRef = E4E650A1137FF7F700DFCE6E /* MAIAN.TTF */; };
		E4E650A5137FF7F700DFCE6E /* Maiandra GD Demi Bold.ttf in Resources */ = {isa = PBXBuildFile; fileRef = E4E650A2137FF7F700DFCE6E /* Maiandra GD Demi Bold.ttf */; };
		E4E650AF137FF84700DFCE6E /* main.m in Sources */ = {isa = PBXBuildFile; fileRef = E4E650AE137FF84700DFCE6E /* main.m */; };
		E4F89C8413B2437000A36E03 /* ChordsViewController.xib in Resources */ = {isa = PBXBuildFile; fileRef = E4F89C8313B2437000A36E03 /* ChordsViewController.xib */; };
		E4F89C8713B243FE00A36E03 /* ChordsViewController.mm in Sources */ = {isa = PBXBuildFile; fileRef = E4F89C8613B243FE00A36E03 /* ChordsViewController.mm */; };
/* End PBXBuildFile section */

/* Begin PBXFileReference section */
		1D30AB110D05D00D00671497 /* Foundation.framework */ = {isa = PBXFileReference; lastKnownFileType = wrapper.framework; name = Foundation.framework; path = System/Library/Frameworks/Foundation.framework; sourceTree = SDKROOT; };
		1D3623240D0F684500981E51 /* MusicreedAppDelegate.h */ = {isa = PBXFileReference; fileEncoding = 4; lastKnownFileType = sourcecode.c.h; path = MusicreedAppDelegate.h; sourceTree = "<group>"; };
		1D3623250D0F684500981E51 /* MusicreedAppDelegate.mm */ = {isa = PBXFileReference; fileEncoding = 4; lastKnownFileType = sourcecode.cpp.objcpp; path = MusicreedAppDelegate.mm; sourceTree = "<group>"; };
		1D6058910D05DD3D006BFB54 /* Musicreed.app */ = {isa = PBXFileReference; explicitFileType = wrapper.application; includeInIndex = 0; path = Musicreed.app; sourceTree = BUILT_PRODUCTS_DIR; };
		1DF5F4DF0D08C38300B7A737 /* UIKit.framework */ = {isa = PBXFileReference; lastKnownFileType = wrapper.framework; name = UIKit.framework; path = System/Library/Frameworks/UIKit.framework; sourceTree = SDKROOT; };
		288765A40DF7441C002DB57D /* CoreGraphics.framework */ = {isa = PBXFileReference; lastKnownFileType = wrapper.framework; name = CoreGraphics.framework; path = System/Library/Frameworks/CoreGraphics.framework; sourceTree = SDKROOT; };
		28D7ACF60DDB3853001CB0EB /* MusicreedViewController.h */ = {isa = PBXFileReference; fileEncoding = 4; lastKnownFileType = sourcecode.c.h; path = MusicreedViewController.h; sourceTree = "<group>"; };
		28D7ACF70DDB3853001CB0EB /* MusicreedViewController.mm */ = {isa = PBXFileReference; fileEncoding = 4; lastKnownFileType = sourcecode.cpp.objcpp; path = MusicreedViewController.mm; sourceTree = "<group>"; };
		32CA4F630368D1EE00C91783 /* Musicreed_Prefix.pch */ = {isa = PBXFileReference; fileEncoding = 4; lastKnownFileType = sourcecode.c.h; path = Musicreed_Prefix.pch; sourceTree = "<group>"; };
		8D1107310486CEB800E47090 /* Musicreed-Info.plist */ = {isa = PBXFileReference; fileEncoding = 4; lastKnownFileType = text.plist.xml; path = "Musicreed-Info.plist"; plistStructureDefinitionIdentifier = "com.apple.xcode.plist.structure-definition.iphone.info-plist"; sourceTree = "<group>"; };
		E400FE03136D50A7006A18DD /* ScaleCell.h */ = {isa = PBXFileReference; fileEncoding = 4; lastKnownFileType = sourcecode.c.h; path = ScaleCell.h; sourceTree = "<group>"; };
		E40B0330137FD062001008FE /* Disc.cpp */ = {isa = PBXFileReference; fileEncoding = 4; lastKnownFileType = sourcecode.cpp.cpp; name = Disc.cpp; path = src/Disc.cpp; sourceTree = "<group>"; };
		E40B0331137FD062001008FE /* Disc.h */ = {isa = PBXFileReference; fileEncoding = 4; lastKnownFileType = sourcecode.c.h; name = Disc.h; path = src/Disc.h; sourceTree = "<group>"; };
		E40B0332137FD062001008FE /* testApp.h */ = {isa = PBXFileReference; fileEncoding = 4; lastKnownFileType = sourcecode.c.h; name = testApp.h; path = src/testApp.h; sourceTree = "<group>"; };
		E40B0333137FD062001008FE /* testApp.mm */ = {isa = PBXFileReference; fileEncoding = 4; lastKnownFileType = sourcecode.cpp.objcpp; name = testApp.mm; path = src/testApp.mm; sourceTree = "<group>"; };
		E44C045D13C1EB5A00C0B62A /* install.xml */ = {isa = PBXFileReference; fileEncoding = 4; lastKnownFileType = text.xml; path = install.xml; sourceTree = "<group>"; };
		E44C045F13C1EB5A00C0B62A /* tinyxml.cpp */ = {isa = PBXFileReference; fileEncoding = 4; lastKnownFileType = sourcecode.cpp.cpp; path = tinyxml.cpp; sourceTree = "<group>"; };
		E44C046013C1EB5A00C0B62A /* tinyxml.h */ = {isa = PBXFileReference; fileEncoding = 4; lastKnownFileType = sourcecode.c.h; path = tinyxml.h; sourceTree = "<group>"; };
		E44C046113C1EB5A00C0B62A /* tinyxmlerror.cpp */ = {isa = PBXFileReference; fileEncoding = 4; lastKnownFileType = sourcecode.cpp.cpp; path = tinyxmlerror.cpp; sourceTree = "<group>"; };
		E44C046213C1EB5A00C0B62A /* tinyxmlparser.cpp */ = {isa = PBXFileReference; fileEncoding = 4; lastKnownFileType = sourcecode.cpp.cpp; path = tinyxmlparser.cpp; sourceTree = "<group>"; };
		E44C046413C1EB5A00C0B62A /* ofxXmlSettings.cpp */ = {isa = PBXFileReference; fileEncoding = 4; lastKnownFileType = sourcecode.cpp.cpp; path = ofxXmlSettings.cpp; sourceTree = "<group>"; };
		E44C046513C1EB5A00C0B62A /* ofxXmlSettings.h */ = {isa = PBXFileReference; fileEncoding = 4; lastKnownFileType = sourcecode.c.h; path = ofxXmlSettings.h; sourceTree = "<group>"; };
		E44C046C13C1EB6E00C0B62A /* easing.cpp */ = {isa = PBXFileReference; fileEncoding = 4; lastKnownFileType = sourcecode.cpp.cpp; path = easing.cpp; sourceTree = "<group>"; };
		E44C046D13C1EB6E00C0B62A /* easing.h */ = {isa = PBXFileReference; fileEncoding = 4; lastKnownFileType = sourcecode.c.h; path = easing.h; sourceTree = "<group>"; };
		E44C046E13C1EB6E00C0B62A /* ofMainExt.h */ = {isa = PBXFileReference; fileEncoding = 4; lastKnownFileType = sourcecode.c.h; path = ofMainExt.h; sourceTree = "<group>"; };
		E44C046F13C1EB6E00C0B62A /* ofMainExt.mm */ = {isa = PBXFileReference; fileEncoding = 4; lastKnownFileType = sourcecode.cpp.objcpp; path = ofMainExt.mm; sourceTree = "<group>"; };
		E44C047113C1EB6E00C0B62A /* ofMain.h */ = {isa = PBXFileReference; fileEncoding = 4; lastKnownFileType = sourcecode.c.h; path = ofMain.h; sourceTree = "<group>"; };
		E44C047213C1EB6E00C0B62A /* ofMain.mm */ = {isa = PBXFileReference; fileEncoding = 4; lastKnownFileType = sourcecode.cpp.objcpp; path = ofMain.mm; sourceTree = "<group>"; };
		E44C047313C1EB6E00C0B62A /* ofTypes.h */ = {isa = PBXFileReference; fileEncoding = 4; lastKnownFileType = sourcecode.c.h; path = ofTypes.h; sourceTree = "<group>"; };
		E44C047413C1EB6E00C0B62A /* ofxiPhoneExtras.h */ = {isa = PBXFileReference; fileEncoding = 4; lastKnownFileType = sourcecode.c.h; path = ofxiPhoneExtras.h; sourceTree = "<group>"; };
		E44C047513C1EB6E00C0B62A /* ofxiPhoneExtras.mm */ = {isa = PBXFileReference; fileEncoding = 4; lastKnownFileType = sourcecode.cpp.objcpp; path = ofxiPhoneExtras.mm; sourceTree = "<group>"; };
		E44C04C613C1EB6E00C0B62A /* ofxiTexture.h */ = {isa = PBXFileReference; fileEncoding = 4; lastKnownFileType = sourcecode.c.h; path = ofxiTexture.h; sourceTree = "<group>"; };
		E44C04C713C1EB6E00C0B62A /* ofxiTexture.mm */ = {isa = PBXFileReference; fileEncoding = 4; lastKnownFileType = sourcecode.cpp.objcpp; path = ofxiTexture.mm; sourceTree = "<group>"; };
		E44C04E913C1EBFE00C0B62A /* ofxButton.cpp */ = {isa = PBXFileReference; fileEncoding = 4; lastKnownFileType = sourcecode.cpp.cpp; path = ofxButton.cpp; sourceTree = "<group>"; };
		E44C04EA13C1EBFE00C0B62A /* ofxButton.h */ = {isa = PBXFileReference; fileEncoding = 4; lastKnownFileType = sourcecode.c.h; path = ofxButton.h; sourceTree = "<group>"; };
		E44C056313C20EA500C0B62A /* ftconfig.h */ = {isa = PBXFileReference; fileEncoding = 4; lastKnownFileType = sourcecode.c.h; path = ftconfig.h; sourceTree = "<group>"; };
		E44C056413C20EA500C0B62A /* ftheader.h */ = {isa = PBXFileReference; fileEncoding = 4; lastKnownFileType = sourcecode.c.h; path = ftheader.h; sourceTree = "<group>"; };
		E44C056513C20EA500C0B62A /* ftmodule.h */ = {isa = PBXFileReference; fileEncoding = 4; lastKnownFileType = sourcecode.c.h; path = ftmodule.h; sourceTree = "<group>"; };
		E44C056613C20EA500C0B62A /* ftoption.h */ = {isa = PBXFileReference; fileEncoding = 4; lastKnownFileType = sourcecode.c.h; path = ftoption.h; sourceTree = "<group>"; };
		E44C056713C20EA500C0B62A /* ftstdlib.h */ = {isa = PBXFileReference; fileEncoding = 4; lastKnownFileType = sourcecode.c.h; path = ftstdlib.h; sourceTree = "<group>"; };
		E44C056813C20EA500C0B62A /* freetype.h */ = {isa = PBXFileReference; fileEncoding = 4; lastKnownFileType = sourcecode.c.h; path = freetype.h; sourceTree = "<group>"; };
		E44C056913C20EA500C0B62A /* ftadvanc.h */ = {isa = PBXFileReference; fileEncoding = 4; lastKnownFileType = sourcecode.c.h; path = ftadvanc.h; sourceTree = "<group>"; };
		E44C056A13C20EA500C0B62A /* ftbbox.h */ = {isa = PBXFileReference; fileEncoding = 4; lastKnownFileType = sourcecode.c.h; path = ftbbox.h; sourceTree = "<group>"; };
		E44C056B13C20EA500C0B62A /* ftbdf.h */ = {isa = PBXFileReference; fileEncoding = 4; lastKnownFileType = sourcecode.c.h; path = ftbdf.h; sourceTree = "<group>"; };
		E44C056C13C20EA500C0B62A /* ftbitmap.h */ = {isa = PBXFileReference; fileEncoding = 4; lastKnownFileType = sourcecode.c.h; path = ftbitmap.h; sourceTree = "<group>"; };
		E44C056D13C20EA500C0B62A /* ftcache.h */ = {isa = PBXFileReference; fileEncoding = 4; lastKnownFileType = sourcecode.c.h; path = ftcache.h; sourceTree = "<group>"; };
		E44C056E13C20EA500C0B62A /* ftchapters.h */ = {isa = PBXFileReference; fileEncoding = 4; lastKnownFileType = sourcecode.c.h; path = ftchapters.h; sourceTree = "<group>"; };
		E44C056F13C20EA500C0B62A /* ftcid.h */ = {isa = PBXFileReference; fileEncoding = 4; lastKnownFileType = sourcecode.c.h; path = ftcid.h; sourceTree = "<group>"; };
		E44C057013C20EA500C0B62A /* fterrdef.h */ = {isa = PBXFileReference; fileEncoding = 4; lastKnownFileType = sourcecode.c.h; path = fterrdef.h; sourceTree = "<group>"; };
		E44C057113C20EA500C0B62A /* fterrors.h */ = {isa = PBXFileReference; fileEncoding = 4; lastKnownFileType = sourcecode.c.h; path = fterrors.h; sourceTree = "<group>"; };
		E44C057213C20EA500C0B62A /* ftgasp.h */ = {isa = PBXFileReference; fileEncoding = 4; lastKnownFileType = sourcecode.c.h; path = ftgasp.h; sourceTree = "<group>"; };
		E44C057313C20EA500C0B62A /* ftglyph.h */ = {isa = PBXFileReference; fileEncoding = 4; lastKnownFileType = sourcecode.c.h; path = ftglyph.h; sourceTree = "<group>"; };
		E44C057413C20EA500C0B62A /* ftgxval.h */ = {isa = PBXFileReference; fileEncoding = 4; lastKnownFileType = sourcecode.c.h; path = ftgxval.h; sourceTree = "<group>"; };
		E44C057513C20EA500C0B62A /* ftgzip.h */ = {isa = PBXFileReference; fileEncoding = 4; lastKnownFileType = sourcecode.c.h; path = ftgzip.h; sourceTree = "<group>"; };
		E44C057613C20EA500C0B62A /* ftimage.h */ = {isa = PBXFileReference; fileEncoding = 4; lastKnownFileType = sourcecode.c.h; path = ftimage.h; sourceTree = "<group>"; };
		E44C057713C20EA500C0B62A /* ftincrem.h */ = {isa = PBXFileReference; fileEncoding = 4; lastKnownFileType = sourcecode.c.h; path = ftincrem.h; sourceTree = "<group>"; };
		E44C057813C20EA500C0B62A /* ftlcdfil.h */ = {isa = PBXFileReference; fileEncoding = 4; lastKnownFileType = sourcecode.c.h; path = ftlcdfil.h; sourceTree = "<group>"; };
		E44C057913C20EA500C0B62A /* ftlist.h */ = {isa = PBXFileReference; fileEncoding = 4; lastKnownFileType = sourcecode.c.h; path = ftlist.h; sourceTree = "<group>"; };
		E44C057A13C20EA500C0B62A /* ftlzw.h */ = {isa = PBXFileReference; fileEncoding = 4; lastKnownFileType = sourcecode.c.h; path = ftlzw.h; sourceTree = "<group>"; };
		E44C057B13C20EA500C0B62A /* ftmac.h */ = {isa = PBXFileReference; fileEncoding = 4; lastKnownFileType = sourcecode.c.h; path = ftmac.h; sourceTree = "<group>"; };
		E44C057C13C20EA500C0B62A /* ftmm.h */ = {isa = PBXFileReference; fileEncoding = 4; lastKnownFileType = sourcecode.c.h; path = ftmm.h; sourceTree = "<group>"; };
		E44C057D13C20EA500C0B62A /* ftmodapi.h */ = {isa = PBXFileReference; fileEncoding = 4; lastKnownFileType = sourcecode.c.h; path = ftmodapi.h; sourceTree = "<group>"; };
		E44C057E13C20EA500C0B62A /* ftmoderr.h */ = {isa = PBXFileReference; fileEncoding = 4; lastKnownFileType = sourcecode.c.h; path = ftmoderr.h; sourceTree = "<group>"; };
		E44C057F13C20EA500C0B62A /* ftotval.h */ = {isa = PBXFileReference; fileEncoding = 4; lastKnownFileType = sourcecode.c.h; path = ftotval.h; sourceTree = "<group>"; };
		E44C058013C20EA500C0B62A /* ftoutln.h */ = {isa = PBXFileReference; fileEncoding = 4; lastKnownFileType = sourcecode.c.h; path = ftoutln.h; sourceTree = "<group>"; };
		E44C058113C20EA500C0B62A /* ftpfr.h */ = {isa = PBXFileReference; fileEncoding = 4; lastKnownFileType = sourcecode.c.h; path = ftpfr.h; sourceTree = "<group>"; };
		E44C058213C20EA500C0B62A /* ftrender.h */ = {isa = PBXFileReference; fileEncoding = 4; lastKnownFileType = sourcecode.c.h; path = ftrender.h; sourceTree = "<group>"; };
		E44C058313C20EA500C0B62A /* ftsizes.h */ = {isa = PBXFileReference; fileEncoding = 4; lastKnownFileType = sourcecode.c.h; path = ftsizes.h; sourceTree = "<group>"; };
		E44C058413C20EA500C0B62A /* ftsnames.h */ = {isa = PBXFileReference; fileEncoding = 4; lastKnownFileType = sourcecode.c.h; path = ftsnames.h; sourceTree = "<group>"; };
		E44C058513C20EA500C0B62A /* ftstroke.h */ = {isa = PBXFileReference; fileEncoding = 4; lastKnownFileType = sourcecode.c.h; path = ftstroke.h; sourceTree = "<group>"; };
		E44C058613C20EA500C0B62A /* ftsynth.h */ = {isa = PBXFileReference; fileEncoding = 4; lastKnownFileType = sourcecode.c.h; path = ftsynth.h; sourceTree = "<group>"; };
		E44C058713C20EA500C0B62A /* ftsystem.h */ = {isa = PBXFileReference; fileEncoding = 4; lastKnownFileType = sourcecode.c.h; path = ftsystem.h; sourceTree = "<group>"; };
		E44C058813C20EA500C0B62A /* fttrigon.h */ = {isa = PBXFileReference; fileEncoding = 4; lastKnownFileType = sourcecode.c.h; path = fttrigon.h; sourceTree = "<group>"; };
		E44C058913C20EA500C0B62A /* fttypes.h */ = {isa = PBXFileReference; fileEncoding = 4; lastKnownFileType = sourcecode.c.h; path = fttypes.h; sourceTree = "<group>"; };
		E44C058A13C20EA500C0B62A /* ftwinfnt.h */ = {isa = PBXFileReference; fileEncoding = 4; lastKnownFileType = sourcecode.c.h; path = ftwinfnt.h; sourceTree = "<group>"; };
		E44C058B13C20EA500C0B62A /* ftxf86.h */ = {isa = PBXFileReference; fileEncoding = 4; lastKnownFileType = sourcecode.c.h; path = ftxf86.h; sourceTree = "<group>"; };
		E44C058D13C20EA500C0B62A /* autohint.h */ = {isa = PBXFileReference; fileEncoding = 4; lastKnownFileType = sourcecode.c.h; path = autohint.h; sourceTree = "<group>"; };
		E44C058E13C20EA500C0B62A /* ftcalc.h */ = {isa = PBXFileReference; fileEncoding = 4; lastKnownFileType = sourcecode.c.h; path = ftcalc.h; sourceTree = "<group>"; };
		E44C058F13C20EA500C0B62A /* ftdebug.h */ = {isa = PBXFileReference; fileEncoding = 4; lastKnownFileType = sourcecode.c.h; path = ftdebug.h; sourceTree = "<group>"; };
		E44C059013C20EA500C0B62A /* ftdriver.h */ = {isa = PBXFileReference; fileEncoding = 4; lastKnownFileType = sourcecode.c.h; path = ftdriver.h; sourceTree = "<group>"; };
		E44C059113C20EA500C0B62A /* ftgloadr.h */ = {isa = PBXFileReference; fileEncoding = 4; lastKnownFileType = sourcecode.c.h; path = ftgloadr.h; sourceTree = "<group>"; };
		E44C059213C20EA500C0B62A /* ftmemory.h */ = {isa = PBXFileReference; fileEncoding = 4; lastKnownFileType = sourcecode.c.h; path = ftmemory.h; sourceTree = "<group>"; };
		E44C059313C20EA500C0B62A /* ftobjs.h */ = {isa = PBXFileReference; fileEncoding = 4; lastKnownFileType = sourcecode.c.h; path = ftobjs.h; sourceTree = "<group>"; };
		E44C059413C20EA500C0B62A /* ftpic.h */ = {isa = PBXFileReference; fileEncoding = 4; lastKnownFileType = sourcecode.c.h; path = ftpic.h; sourceTree = "<group>"; };
		E44C059513C20EA500C0B62A /* ftrfork.h */ = {isa = PBXFileReference; fileEncoding = 4; lastKnownFileType = sourcecode.c.h; path = ftrfork.h; sourceTree = "<group>"; };
		E44C059613C20EA500C0B62A /* ftserv.h */ = {isa = PBXFileReference; fileEncoding = 4; lastKnownFileType = sourcecode.c.h; path = ftserv.h; sourceTree = "<group>"; };
		E44C059713C20EA500C0B62A /* ftstream.h */ = {isa = PBXFileReference; fileEncoding = 4; lastKnownFileType = sourcecode.c.h; path = ftstream.h; sourceTree = "<group>"; };
		E44C059813C20EA500C0B62A /* fttrace.h */ = {isa = PBXFileReference; fileEncoding = 4; lastKnownFileType = sourcecode.c.h; path = fttrace.h; sourceTree = "<group>"; };
		E44C059913C20EA500C0B62A /* ftvalid.h */ = {isa = PBXFileReference; fileEncoding = 4; lastKnownFileType = sourcecode.c.h; path = ftvalid.h; sourceTree = "<group>"; };
		E44C059A13C20EA500C0B62A /* internal.h */ = {isa = PBXFileReference; fileEncoding = 4; lastKnownFileType = sourcecode.c.h; path = internal.h; sourceTree = "<group>"; };
		E44C059B13C20EA500C0B62A /* pcftypes.h */ = {isa = PBXFileReference; fileEncoding = 4; lastKnownFileType = sourcecode.c.h; path = pcftypes.h; sourceTree = "<group>"; };
		E44C059C13C20EA500C0B62A /* psaux.h */ = {isa = PBXFileReference; fileEncoding = 4; lastKnownFileType = sourcecode.c.h; path = psaux.h; sourceTree = "<group>"; };
		E44C059D13C20EA500C0B62A /* pshints.h */ = {isa = PBXFileReference; fileEncoding = 4; lastKnownFileType = sourcecode.c.h; path = pshints.h; sourceTree = "<group>"; };
		E44C059F13C20EA500C0B62A /* svbdf.h */ = {isa = PBXFileReference; fileEncoding = 4; lastKnownFileType = sourcecode.c.h; path = svbdf.h; sourceTree = "<group>"; };
		E44C05A013C20EA500C0B62A /* svcid.h */ = {isa = PBXFileReference; fileEncoding = 4; lastKnownFileType = sourcecode.c.h; path = svcid.h; sourceTree = "<group>"; };
		E44C05A113C20EA500C0B62A /* svgldict.h */ = {isa = PBXFileReference; fileEncoding = 4; lastKnownFileType = sourcecode.c.h; path = svgldict.h; sourceTree = "<group>"; };
		E44C05A213C20EA500C0B62A /* svgxval.h */ = {isa = PBXFileReference; fileEncoding = 4; lastKnownFileType = sourcecode.c.h; path = svgxval.h; sourceTree = "<group>"; };
		E44C05A313C20EA500C0B62A /* svkern.h */ = {isa = PBXFileReference; fileEncoding = 4; lastKnownFileType = sourcecode.c.h; path = svkern.h; sourceTree = "<group>"; };
		E44C05A413C20EA500C0B62A /* svmm.h */ = {isa = PBXFileReference; fileEncoding = 4; lastKnownFileType = sourcecode.c.h; path = svmm.h; sourceTree = "<group>"; };
		E44C05A513C20EA500C0B62A /* svotval.h */ = {isa = PBXFileReference; fileEncoding = 4; lastKnownFileType = sourcecode.c.h; path = svotval.h; sourceTree = "<group>"; };
		E44C05A613C20EA500C0B62A /* svpfr.h */ = {isa = PBXFileReference; fileEncoding = 4; lastKnownFileType = sourcecode.c.h; path = svpfr.h; sourceTree = "<group>"; };
		E44C05A713C20EA500C0B62A /* svpostnm.h */ = {isa = PBXFileReference; fileEncoding = 4; lastKnownFileType = sourcecode.c.h; path = svpostnm.h; sourceTree = "<group>"; };
		E44C05A813C20EA500C0B62A /* svpscmap.h */ = {isa = PBXFileReference; fileEncoding = 4; lastKnownFileType = sourcecode.c.h; path = svpscmap.h; sourceTree = "<group>"; };
		E44C05A913C20EA500C0B62A /* svpsinfo.h */ = {isa = PBXFileReference; fileEncoding = 4; lastKnownFileType = sourcecode.c.h; path = svpsinfo.h; sourceTree = "<group>"; };
		E44C05AA13C20EA500C0B62A /* svsfnt.h */ = {isa = PBXFileReference; fileEncoding = 4; lastKnownFileType = sourcecode.c.h; path = svsfnt.h; sourceTree = "<group>"; };
		E44C05AB13C20EA500C0B62A /* svttcmap.h */ = {isa = PBXFileReference; fileEncoding = 4; lastKnownFileType = sourcecode.c.h; path = svttcmap.h; sourceTree = "<group>"; };
		E44C05AC13C20EA500C0B62A /* svtteng.h */ = {isa = PBXFileReference; fileEncoding = 4; lastKnownFileType = sourcecode.c.h; path = svtteng.h; sourceTree = "<group>"; };
		E44C05AD13C20EA500C0B62A /* svttglyf.h */ = {isa = PBXFileReference; fileEncoding = 4; lastKnownFileType = sourcecode.c.h; path = svttglyf.h; sourceTree = "<group>"; };
		E44C05AE13C20EA500C0B62A /* svwinfnt.h */ = {isa = PBXFileReference; fileEncoding = 4; lastKnownFileType = sourcecode.c.h; path = svwinfnt.h; sourceTree = "<group>"; };
		E44C05AF13C20EA500C0B62A /* svxf86nm.h */ = {isa = PBXFileReference; fileEncoding = 4; lastKnownFileType = sourcecode.c.h; path = svxf86nm.h; sourceTree = "<group>"; };
		E44C05B013C20EA500C0B62A /* sfnt.h */ = {isa = PBXFileReference; fileEncoding = 4; lastKnownFileType = sourcecode.c.h; path = sfnt.h; sourceTree = "<group>"; };
		E44C05B113C20EA500C0B62A /* t1types.h */ = {isa = PBXFileReference; fileEncoding = 4; lastKnownFileType = sourcecode.c.h; path = t1types.h; sourceTree = "<group>"; };
		E44C05B213C20EA500C0B62A /* tttypes.h */ = {isa = PBXFileReference; fileEncoding = 4; lastKnownFileType = sourcecode.c.h; path = tttypes.h; sourceTree = "<group>"; };
		E44C05B313C20EA500C0B62A /* t1tables.h */ = {isa = PBXFileReference; fileEncoding = 4; lastKnownFileType = sourcecode.c.h; path = t1tables.h; sourceTree = "<group>"; };
		E44C05B413C20EA500C0B62A /* ttnameid.h */ = {isa = PBXFileReference; fileEncoding = 4; lastKnownFileType = sourcecode.c.h; path = ttnameid.h; sourceTree = "<group>"; };
		E44C05B513C20EA500C0B62A /* tttables.h */ = {isa = PBXFileReference; fileEncoding = 4; lastKnownFileType = sourcecode.c.h; path = tttables.h; sourceTree = "<group>"; };
		E44C05B613C20EA500C0B62A /* tttags.h */ = {isa = PBXFileReference; fileEncoding = 4; lastKnownFileType = sourcecode.c.h; path = tttags.h; sourceTree = "<group>"; };
		E44C05B713C20EA500C0B62A /* ttunpat.h */ = {isa = PBXFileReference; fileEncoding = 4; lastKnownFileType = sourcecode.c.h; path = ttunpat.h; sourceTree = "<group>"; };
		E44C05B813C20EA500C0B62A /* ft2build.h */ = {isa = PBXFileReference; fileEncoding = 4; lastKnownFileType = sourcecode.c.h; path = ft2build.h; sourceTree = "<group>"; };
		E44C05B913C20EA500C0B62A /* libFreetype2-arm.a */ = {isa = PBXFileReference; lastKnownFileType = archive.ar; path = "libFreetype2-arm.a"; sourceTree = "<group>"; };
		E44C05BB13C20EA500C0B62A /* ofTrueTypeFont.cpp */ = {isa = PBXFileReference; fileEncoding = 4; lastKnownFileType = sourcecode.cpp.cpp; path = ofTrueTypeFont.cpp; sourceTree = "<group>"; };
		E44C05BC13C20EA500C0B62A /* ofTrueTypeFont.h */ = {isa = PBXFileReference; fileEncoding = 4; lastKnownFileType = sourcecode.c.h; path = ofTrueTypeFont.h; sourceTree = "<group>"; };
		E44D3E17137BD05B00345249 /* TouchView.h */ = {isa = PBXFileReference; fileEncoding = 4; lastKnownFileType = sourcecode.c.h; path = TouchView.h; sourceTree = "<group>"; };
		E44D3E18137BD05B00345249 /* TouchView.mm */ = {isa = PBXFileReference; fileEncoding = 4; lastKnownFileType = sourcecode.cpp.objcpp; path = TouchView.mm; sourceTree = "<group>"; };
		E44D3EE0137BDA4900345249 /* ofSoundStream.h */ = {isa = PBXFileReference; fileEncoding = 4; lastKnownFileType = sourcecode.c.h; name = ofSoundStream.h; path = ../YesPlastic/src/ofSoundStream.h; sourceTree = SOURCE_ROOT; };
		E44D3EE1137BDA4900345249 /* ofxiPhoneSoundStream.mm */ = {isa = PBXFileReference; fileEncoding = 4; lastKnownFileType = sourcecode.cpp.objcpp; name = ofxiPhoneSoundStream.mm; path = ../YesPlastic/src/ofxiPhoneSoundStream.mm; sourceTree = SOURCE_ROOT; };
		E44D3EE7137BDCA800345249 /* AudioToolbox.framework */ = {isa = PBXFileReference; lastKnownFileType = wrapper.framework; name = AudioToolbox.framework; path = System/Library/Frameworks/AudioToolbox.framework; sourceTree = SDKROOT; };
		E45FDA0E140254600081A207 /* ofxAudioLimiter.cpp */ = {isa = PBXFileReference; fileEncoding = 4; lastKnownFileType = sourcecode.cpp.cpp; path = ofxAudioLimiter.cpp; sourceTree = "<group>"; };
		E45FDA0F140254600081A207 /* ofxAudioLimiter.h */ = {isa = PBXFileReference; fileEncoding = 4; lastKnownFileType = sourcecode.c.h; path = ofxAudioLimiter.h; sourceTree = "<group>"; };
		E4816CD814262A7600C5C5D6 /* ScaleCell.mm */ = {isa = PBXFileReference; fileEncoding = 4; lastKnownFileType = sourcecode.cpp.objcpp; path = ScaleCell.mm; sourceTree = "<group>"; };
		E481CE2013F3B72F0034F652 /* ScalesParser.h */ = {isa = PBXFileReference; fileEncoding = 4; lastKnownFileType = sourcecode.c.h; path = ScalesParser.h; sourceTree = "<group>"; };
		E481CE2113F3B72F0034F652 /* ScalesParser.m */ = {isa = PBXFileReference; fileEncoding = 4; lastKnownFileType = sourcecode.c.objc; path = ScalesParser.m; sourceTree = "<group>"; };
		E481CE2213F3B72F0034F652 /* ScalesTableViewController.h */ = {isa = PBXFileReference; fileEncoding = 4; lastKnownFileType = sourcecode.c.h; path = ScalesTableViewController.h; sourceTree = "<group>"; };
		E481CE2313F3B72F0034F652 /* ScalesTableViewController.mm */ = {isa = PBXFileReference; fileEncoding = 4; lastKnownFileType = sourcecode.cpp.objcpp; path = ScalesTableViewController.mm; sourceTree = "<group>"; };
		E481CE2413F3B72F0034F652 /* ScalesTableViewController.xib */ = {isa = PBXFileReference; lastKnownFileType = file.xib; path = ScalesTableViewController.xib; sourceTree = "<group>"; };
		E481CE2513F3B72F0034F652 /* SubsystemTableViewController.h */ = {isa = PBXFileReference; fileEncoding = 4; lastKnownFileType = sourcecode.c.h; path = SubsystemTableViewController.h; sourceTree = "<group>"; };
		E481CE2613F3B72F0034F652 /* SubsystemTableViewController.mm */ = {isa = PBXFileReference; fileEncoding = 4; lastKnownFileType = sourcecode.cpp.objcpp; path = SubsystemTableViewController.mm; sourceTree = "<group>"; };
		E481CE2713F3B72F0034F652 /* SubsystemTableViewController.xib */ = {isa = PBXFileReference; lastKnownFileType = file.xib; path = SubsystemTableViewController.xib; sourceTree = "<group>"; };
		E481CE2813F3B72F0034F652 /* SystemTableViewController.h */ = {isa = PBXFileReference; fileEncoding = 4; lastKnownFileType = sourcecode.c.h; path = SystemTableViewController.h; sourceTree = "<group>"; };
		E481CE2913F3B72F0034F652 /* SystemTableViewController.mm */ = {isa = PBXFileReference; fileEncoding = 4; lastKnownFileType = sourcecode.cpp.objcpp; path = SystemTableViewController.mm; sourceTree = "<group>"; };
		E481CE2A13F3B72F0034F652 /* SystemTableViewController.xib */ = {isa = PBXFileReference; lastKnownFileType = file.xib; path = SystemTableViewController.xib; sourceTree = "<group>"; };
		E481CE4013F3B78E0034F652 /* Scale.h */ = {isa = PBXFileReference; fileEncoding = 4; lastKnownFileType = sourcecode.c.h; name = Scale.h; path = Model/Scale.h; sourceTree = "<group>"; };
		E481CE4113F3B78E0034F652 /* Scale.m */ = {isa = PBXFileReference; fileEncoding = 4; lastKnownFileType = sourcecode.c.objc; name = Scale.m; path = Model/Scale.m; sourceTree = "<group>"; };
		E490648E13700BD90034C2F5 /* EAGLView.h */ = {isa = PBXFileReference; fileEncoding = 4; lastKnownFileType = sourcecode.c.h; path = EAGLView.h; sourceTree = "<group>"; };
		E490648F13700BD90034C2F5 /* EAGLView.mm */ = {isa = PBXFileReference; fileEncoding = 4; lastKnownFileType = sourcecode.cpp.objcpp; path = EAGLView.mm; sourceTree = "<group>"; };
		E49064DB137029970034C2F5 /* OpenGLES.framework */ = {isa = PBXFileReference; lastKnownFileType = wrapper.framework; name = OpenGLES.framework; path = System/Library/Frameworks/OpenGLES.framework; sourceTree = SDKROOT; };
		E49064E1137029E20034C2F5 /* QuartzCore.framework */ = {isa = PBXFileReference; lastKnownFileType = wrapper.framework; name = QuartzCore.framework; path = System/Library/Frameworks/QuartzCore.framework; sourceTree = SDKROOT; };
		E49065C01370393E0034C2F5 /* CustomFontLabel.h */ = {isa = PBXFileReference; fileEncoding = 4; lastKnownFileType = sourcecode.c.h; path = CustomFontLabel.h; sourceTree = "<group>"; };
		E49065C11370393E0034C2F5 /* CustomFontLabel.m */ = {isa = PBXFileReference; fileEncoding = 4; lastKnownFileType = sourcecode.c.objc; path = CustomFontLabel.m; sourceTree = "<group>"; };
		E49065CA13703A090034C2F5 /* CustomButton.h */ = {isa = PBXFileReference; fileEncoding = 4; lastKnownFileType = sourcecode.c.h; path = CustomButton.h; sourceTree = "<group>"; };
		E49065CB13703A090034C2F5 /* CustomButton.m */ = {isa = PBXFileReference; fileEncoding = 4; lastKnownFileType = sourcecode.c.objc; path = CustomButton.m; sourceTree = "<group>"; };
		E499796E1425F66C00D0C459 /* SCALE_DOWN.png */ = {isa = PBXFileReference; lastKnownFileType = image.png; name = SCALE_DOWN.png; path = Resources/SCALE_DOWN.png; sourceTree = "<group>"; };
		E499796F1425F66C00D0C459 /* SCALE_PLAY.png */ = {isa = PBXFileReference; lastKnownFileType = image.png; name = SCALE_PLAY.png; path = Resources/SCALE_PLAY.png; sourceTree = "<group>"; };
		E49979701425F66C00D0C459 /* SCALE_UP.png */ = {isa = PBXFileReference; lastKnownFileType = image.png; name = SCALE_UP.png; path = Resources/SCALE_UP.png; sourceTree = "<group>"; };
		E49DC9BF13A7A13300E3C79F /* notationUtils.h */ = {isa = PBXFileReference; fileEncoding = 4; lastKnownFileType = sourcecode.c.h; name = notationUtils.h; path = src/notationUtils.h; sourceTree = "<group>"; };
		E49DC9C013A7A13300E3C79F /* notationUtils.cpp */ = {isa = PBXFileReference; fileEncoding = 4; lastKnownFileType = sourcecode.cpp.cpp; name = notationUtils.cpp; path = src/notationUtils.cpp; sourceTree = "<group>"; };
		E4A8AD9E13FA4EA8006058D4 /* scales.xml */ = {isa = PBXFileReference; fileEncoding = 4; lastKnownFileType = text.xml; name = scales.xml; path = Resources/scales.xml; sourceTree = "<group>"; };
		E4AF3F0B13C221760060359D /* CADebugMacros.h */ = {isa = PBXFileReference; fileEncoding = 4; lastKnownFileType = sourcecode.c.h; path = CADebugMacros.h; sourceTree = "<group>"; };
		E4AF3F0C13C221760060359D /* CAMath.h */ = {isa = PBXFileReference; fileEncoding = 4; lastKnownFileType = sourcecode.c.h; path = CAMath.h; sourceTree = "<group>"; };
		E4AF3F0D13C221760060359D /* CAStreamBasicDescription.cpp */ = {isa = PBXFileReference; fileEncoding = 4; lastKnownFileType = sourcecode.cpp.cpp; path = CAStreamBasicDescription.cpp; sourceTree = "<group>"; };
		E4AF3F0E13C221760060359D /* CAStreamBasicDescription.h */ = {isa = PBXFileReference; fileEncoding = 4; lastKnownFileType = sourcecode.c.h; path = CAStreamBasicDescription.h; sourceTree = "<group>"; };
		E4AF3F0F13C221760060359D /* CAXException.cpp */ = {isa = PBXFileReference; fileEncoding = 4; lastKnownFileType = sourcecode.cpp.cpp; path = CAXException.cpp; sourceTree = "<group>"; };
		E4AF3F1013C221760060359D /* CAXException.h */ = {isa = PBXFileReference; fileEncoding = 4; lastKnownFileType = sourcecode.c.h; path = CAXException.h; sourceTree = "<group>"; };
		E4AF3F1113C221760060359D /* README */ = {isa = PBXFileReference; fileEncoding = 4; lastKnownFileType = text; path = README; sourceTree = "<group>"; };
		E4AF3F1313C221760060359D /* ofxAudioFile.h */ = {isa = PBXFileReference; fileEncoding = 4; lastKnownFileType = sourcecode.c.h; path = ofxAudioFile.h; sourceTree = "<group>"; };
		E4AF3F1413C221760060359D /* ofxAudioFile.mm */ = {isa = PBXFileReference; fileEncoding = 4; lastKnownFileType = sourcecode.cpp.objcpp; path = ofxAudioFile.mm; sourceTree = "<group>"; };
		E4AF3F1513C221760060359D /* ofxAudioInstrument.cpp */ = {isa = PBXFileReference; fileEncoding = 4; lastKnownFileType = sourcecode.cpp.cpp; path = ofxAudioInstrument.cpp; sourceTree = "<group>"; };
		E4AF3F1613C221760060359D /* ofxAudioInstrument.h */ = {isa = PBXFileReference; fileEncoding = 4; lastKnownFileType = sourcecode.c.h; path = ofxAudioInstrument.h; sourceTree = "<group>"; };
		E4C91EA913ADF4AD00B8892F /* RKMacros.h */ = {isa = PBXFileReference; fileEncoding = 4; lastKnownFileType = sourcecode.c.h; path = RKMacros.h; sourceTree = "<group>"; };
		E4C91ECD13ADF94200B8892F /* AVFoundation.framework */ = {isa = PBXFileReference; lastKnownFileType = wrapper.framework; name = AVFoundation.framework; path = System/Library/Frameworks/AVFoundation.framework; sourceTree = SDKROOT; };
		E4E65099137FF7CA00DFCE6E /* MainWindow.xib */ = {isa = PBXFileReference; lastKnownFileType = file.xib; name = MainWindow.xib; path = Resources/MainWindow.xib; sourceTree = SOURCE_ROOT; };
		E4E6509A137FF7CA00DFCE6E /* MusicreedViewController.xib */ = {isa = PBXFileReference; lastKnownFileType = file.xib; name = MusicreedViewController.xib; path = Resources/MusicreedViewController.xib; sourceTree = SOURCE_ROOT; };
		E4E6509B137FF7CA00DFCE6E /* ScaleCell.xib */ = {isa = PBXFileReference; lastKnownFileType = file.xib; name = ScaleCell.xib; path = Resources/ScaleCell.xib; sourceTree = SOURCE_ROOT; };
		E4E650A1137FF7F700DFCE6E /* MAIAN.TTF */ = {isa = PBXFileReference; lastKnownFileType = file; name = MAIAN.TTF; path = Resources/MAIAN.TTF; sourceTree = "<group>"; };
		E4E650A2137FF7F700DFCE6E /* Maiandra GD Demi Bold.ttf */ = {isa = PBXFileReference; lastKnownFileType = file; name = "Maiandra GD Demi Bold.ttf"; path = "Resources/Maiandra GD Demi Bold.ttf"; sourceTree = "<group>"; };
		E4E650AE137FF84700DFCE6E /* main.m */ = {isa = PBXFileReference; fileEncoding = 4; lastKnownFileType = sourcecode.c.objc; name = main.m; path = Classes/main.m; sourceTree = "<group>"; };
		E4F89C8313B2437000A36E03 /* ChordsViewController.xib */ = {isa = PBXFileReference; lastKnownFileType = file.xib; name = ChordsViewController.xib; path = Resources/ChordsViewController.xib; sourceTree = SOURCE_ROOT; };
		E4F89C8513B243FE00A36E03 /* ChordsViewController.h */ = {isa = PBXFileReference; fileEncoding = 4; lastKnownFileType = sourcecode.c.h; path = ChordsViewController.h; sourceTree = "<group>"; };
		E4F89C8613B243FE00A36E03 /* ChordsViewController.mm */ = {isa = PBXFileReference; fileEncoding = 4; lastKnownFileType = sourcecode.cpp.objcpp; path = ChordsViewController.mm; sourceTree = "<group>"; };
/* End PBXFileReference section */

/* Begin PBXFrameworksBuildPhase section */
		1D60588F0D05DD3D006BFB54 /* Frameworks */ = {
			isa = PBXFrameworksBuildPhase;
			buildActionMask = 2147483647;
			files = (
				1D60589F0D05DD5A006BFB54 /* Foundation.framework in Frameworks */,
				1DF5F4E00D08C38300B7A737 /* UIKit.framework in Frameworks */,
				288765A50DF7441C002DB57D /* CoreGraphics.framework in Frameworks */,
				E49064DC137029970034C2F5 /* OpenGLES.framework in Frameworks */,
				E49064E2137029E20034C2F5 /* QuartzCore.framework in Frameworks */,
				E44D3EE8137BDCA800345249 /* AudioToolbox.framework in Frameworks */,
				E4C91ECE13ADF94200B8892F /* AVFoundation.framework in Frameworks */,
				E44C05D413C20EA500C0B62A /* libFreetype2-arm.a in Frameworks */,
			);
			runOnlyForDeploymentPostprocessing = 0;
		};
/* End PBXFrameworksBuildPhase section */

/* Begin PBXGroup section */
		080E96DDFE201D6D7F000001 /* Classes */ = {
			isa = PBXGroup;
			children = (
				1D3623240D0F684500981E51 /* MusicreedAppDelegate.h */,
				1D3623250D0F684500981E51 /* MusicreedAppDelegate.mm */,
				E4E65099137FF7CA00DFCE6E /* MainWindow.xib */,
				E481CE2013F3B72F0034F652 /* ScalesParser.h */,
				E481CE2113F3B72F0034F652 /* ScalesParser.m */,
				E481CE2213F3B72F0034F652 /* ScalesTableViewController.h */,
				E481CE2313F3B72F0034F652 /* ScalesTableViewController.mm */,
				E481CE2413F3B72F0034F652 /* ScalesTableViewController.xib */,
				E481CE2813F3B72F0034F652 /* SystemTableViewController.h */,
				E481CE2913F3B72F0034F652 /* SystemTableViewController.mm */,
				E481CE2A13F3B72F0034F652 /* SystemTableViewController.xib */,
				E481CE2513F3B72F0034F652 /* SubsystemTableViewController.h */,
				E481CE2613F3B72F0034F652 /* SubsystemTableViewController.mm */,
				E481CE2713F3B72F0034F652 /* SubsystemTableViewController.xib */,
				28D7ACF60DDB3853001CB0EB /* MusicreedViewController.h */,
				28D7ACF70DDB3853001CB0EB /* MusicreedViewController.mm */,
				E4E6509A137FF7CA00DFCE6E /* MusicreedViewController.xib */,
				E4F89C8513B243FE00A36E03 /* ChordsViewController.h */,
				E4F89C8613B243FE00A36E03 /* ChordsViewController.mm */,
				E4F89C8313B2437000A36E03 /* ChordsViewController.xib */,
				E490648E13700BD90034C2F5 /* EAGLView.h */,
				E490648F13700BD90034C2F5 /* EAGLView.mm */,
				E44D3E17137BD05B00345249 /* TouchView.h */,
				E44D3E18137BD05B00345249 /* TouchView.mm */,
				E400FE03136D50A7006A18DD /* ScaleCell.h */,
				E4816CD814262A7600C5C5D6 /* ScaleCell.mm */,
				E4E6509B137FF7CA00DFCE6E /* ScaleCell.xib */,
				E49065C01370393E0034C2F5 /* CustomFontLabel.h */,
				E49065C11370393E0034C2F5 /* CustomFontLabel.m */,
				E49065CA13703A090034C2F5 /* CustomButton.h */,
				E49065CB13703A090034C2F5 /* CustomButton.m */,
				E4C91EA913ADF4AD00B8892F /* RKMacros.h */,
			);
			path = Classes;
			sourceTree = "<group>";
		};
		19C28FACFE9D520D11CA2CBB /* Products */ = {
			isa = PBXGroup;
			children = (
				1D6058910D05DD3D006BFB54 /* Musicreed.app */,
			);
			name = Products;
			sourceTree = "<group>";
		};
		29B97314FDCFA39411CA2CEA /* CustomTemplate */ = {
			isa = PBXGroup;
			children = (
				080E96DDFE201D6D7F000001 /* Classes */,
				E49064CF137026F50034C2F5 /* addons */,
				E49064A6137024DA0034C2F5 /* src */,
				E4DD0D8C136978F000DB1B03 /* Model Classes */,
				29B97315FDCFA39411CA2CEA /* Other Sources */,
				29B97317FDCFA39411CA2CEA /* Resources */,
				29B97323FDCFA39411CA2CEA /* Frameworks */,
				19C28FACFE9D520D11CA2CBB /* Products */,
			);
			name = CustomTemplate;
			sourceTree = "<group>";
		};
		29B97315FDCFA39411CA2CEA /* Other Sources */ = {
			isa = PBXGroup;
			children = (
				E4E650AE137FF84700DFCE6E /* main.m */,
				32CA4F630368D1EE00C91783 /* Musicreed_Prefix.pch */,
			);
			name = "Other Sources";
			sourceTree = "<group>";
		};
		29B97317FDCFA39411CA2CEA /* Resources */ = {
			isa = PBXGroup;
			children = (
				E499796E1425F66C00D0C459 /* SCALE_DOWN.png */,
				E499796F1425F66C00D0C459 /* SCALE_PLAY.png */,
				E49979701425F66C00D0C459 /* SCALE_UP.png */,
				E4A8AD9E13FA4EA8006058D4 /* scales.xml */,
				E4E650A1137FF7F700DFCE6E /* MAIAN.TTF */,
				E4E650A2137FF7F700DFCE6E /* Maiandra GD Demi Bold.ttf */,
				8D1107310486CEB800E47090 /* Musicreed-Info.plist */,
			);
			name = Resources;
			sourceTree = "<group>";
		};
		29B97323FDCFA39411CA2CEA /* Frameworks */ = {
			isa = PBXGroup;
			children = (
				E44D3EE7137BDCA800345249 /* AudioToolbox.framework */,
				E4C91ECD13ADF94200B8892F /* AVFoundation.framework */,
				E49064E1137029E20034C2F5 /* QuartzCore.framework */,
				1DF5F4DF0D08C38300B7A737 /* UIKit.framework */,
				1D30AB110D05D00D00671497 /* Foundation.framework */,
				288765A40DF7441C002DB57D /* CoreGraphics.framework */,
				E49064DB137029970034C2F5 /* OpenGLES.framework */,
			);
			name = Frameworks;
			sourceTree = "<group>";
		};
		E44C045C13C1EB5A00C0B62A /* ofxXmlSettings */ = {
			isa = PBXGroup;
			children = (
				E44C045D13C1EB5A00C0B62A /* install.xml */,
				E44C045E13C1EB5A00C0B62A /* libs */,
				E44C046313C1EB5A00C0B62A /* src */,
			);
			name = ofxXmlSettings;
			path = ../of_preRelease/addons/ofxXmlSettings;
			sourceTree = SOURCE_ROOT;
		};
		E44C045E13C1EB5A00C0B62A /* libs */ = {
			isa = PBXGroup;
			children = (
				E44C045F13C1EB5A00C0B62A /* tinyxml.cpp */,
				E44C046013C1EB5A00C0B62A /* tinyxml.h */,
				E44C046113C1EB5A00C0B62A /* tinyxmlerror.cpp */,
				E44C046213C1EB5A00C0B62A /* tinyxmlparser.cpp */,
			);
			path = libs;
			sourceTree = "<group>";
		};
		E44C046313C1EB5A00C0B62A /* src */ = {
			isa = PBXGroup;
			children = (
				E44C046413C1EB5A00C0B62A /* ofxXmlSettings.cpp */,
				E44C046513C1EB5A00C0B62A /* ofxXmlSettings.h */,
			);
			path = src;
			sourceTree = "<group>";
		};
		E44C046B13C1EB6E00C0B62A /* common */ = {
			isa = PBXGroup;
			children = (
				E44C046C13C1EB6E00C0B62A /* easing.cpp */,
				E44C046D13C1EB6E00C0B62A /* easing.h */,
				E44C046E13C1EB6E00C0B62A /* ofMainExt.h */,
				E44C046F13C1EB6E00C0B62A /* ofMainExt.mm */,
			);
			name = common;
			path = "../of_preRelease/My Addons/common";
			sourceTree = SOURCE_ROOT;
		};
		E44C047013C1EB6E00C0B62A /* myOF */ = {
			isa = PBXGroup;
			children = (
				E44C047113C1EB6E00C0B62A /* ofMain.h */,
				E44C047213C1EB6E00C0B62A /* ofMain.mm */,
				E44C047313C1EB6E00C0B62A /* ofTypes.h */,
				E44C047413C1EB6E00C0B62A /* ofxiPhoneExtras.h */,
				E44C047513C1EB6E00C0B62A /* ofxiPhoneExtras.mm */,
			);
			name = myOF;
			path = "../of_preRelease/My Addons/myOF";
			sourceTree = SOURCE_ROOT;
		};
		E44C04C413C1EB6E00C0B62A /* ofxiTexture */ = {
			isa = PBXGroup;
			children = (
				E44C04C513C1EB6E00C0B62A /* src */,
			);
			name = ofxiTexture;
			path = "../of_preRelease/My Addons/ofxiTexture";
			sourceTree = SOURCE_ROOT;
		};
		E44C04C513C1EB6E00C0B62A /* src */ = {
			isa = PBXGroup;
			children = (
				E44C04C613C1EB6E00C0B62A /* ofxiTexture.h */,
				E44C04C713C1EB6E00C0B62A /* ofxiTexture.mm */,
			);
			path = src;
			sourceTree = "<group>";
		};
		E44C04E713C1EBFE00C0B62A /* ofxButton */ = {
			isa = PBXGroup;
			children = (
				E44C04E813C1EBFE00C0B62A /* src */,
			);
			name = ofxButton;
			path = "../of_preRelease/My Addons/ofxButton";
			sourceTree = SOURCE_ROOT;
		};
		E44C04E813C1EBFE00C0B62A /* src */ = {
			isa = PBXGroup;
			children = (
				E44C04E913C1EBFE00C0B62A /* ofxButton.cpp */,
				E44C04EA13C1EBFE00C0B62A /* ofxButton.h */,
			);
			path = src;
			sourceTree = "<group>";
		};
		E44C053713C20EA500C0B62A /* ofTrueTypeFont */ = {
			isa = PBXGroup;
			children = (
				E44C053813C20EA500C0B62A /* libs */,
				E44C05BA13C20EA500C0B62A /* src */,
			);
			name = ofTrueTypeFont;
			path = "../of_preRelease/My Addons/ofTrueTypeFont";
			sourceTree = SOURCE_ROOT;
		};
		E44C053813C20EA500C0B62A /* libs */ = {
			isa = PBXGroup;
			children = (
				E44C053913C20EA500C0B62A /* freetype2 */,
			);
			path = libs;
			sourceTree = "<group>";
		};
		E44C053913C20EA500C0B62A /* freetype2 */ = {
			isa = PBXGroup;
			children = (
				E44C056013C20EA500C0B62A /* include */,
				E44C05B913C20EA500C0B62A /* libFreetype2-arm.a */,
			);
			path = freetype2;
			sourceTree = "<group>";
		};
		E44C056013C20EA500C0B62A /* include */ = {
			isa = PBXGroup;
			children = (
				E44C056113C20EA500C0B62A /* freetype */,
				E44C05B813C20EA500C0B62A /* ft2build.h */,
			);
			path = include;
			sourceTree = "<group>";
		};
		E44C056113C20EA500C0B62A /* freetype */ = {
			isa = PBXGroup;
			children = (
				E44C056213C20EA500C0B62A /* config */,
				E44C056813C20EA500C0B62A /* freetype.h */,
				E44C056913C20EA500C0B62A /* ftadvanc.h */,
				E44C056A13C20EA500C0B62A /* ftbbox.h */,
				E44C056B13C20EA500C0B62A /* ftbdf.h */,
				E44C056C13C20EA500C0B62A /* ftbitmap.h */,
				E44C056D13C20EA500C0B62A /* ftcache.h */,
				E44C056E13C20EA500C0B62A /* ftchapters.h */,
				E44C056F13C20EA500C0B62A /* ftcid.h */,
				E44C057013C20EA500C0B62A /* fterrdef.h */,
				E44C057113C20EA500C0B62A /* fterrors.h */,
				E44C057213C20EA500C0B62A /* ftgasp.h */,
				E44C057313C20EA500C0B62A /* ftglyph.h */,
				E44C057413C20EA500C0B62A /* ftgxval.h */,
				E44C057513C20EA500C0B62A /* ftgzip.h */,
				E44C057613C20EA500C0B62A /* ftimage.h */,
				E44C057713C20EA500C0B62A /* ftincrem.h */,
				E44C057813C20EA500C0B62A /* ftlcdfil.h */,
				E44C057913C20EA500C0B62A /* ftlist.h */,
				E44C057A13C20EA500C0B62A /* ftlzw.h */,
				E44C057B13C20EA500C0B62A /* ftmac.h */,
				E44C057C13C20EA500C0B62A /* ftmm.h */,
				E44C057D13C20EA500C0B62A /* ftmodapi.h */,
				E44C057E13C20EA500C0B62A /* ftmoderr.h */,
				E44C057F13C20EA500C0B62A /* ftotval.h */,
				E44C058013C20EA500C0B62A /* ftoutln.h */,
				E44C058113C20EA500C0B62A /* ftpfr.h */,
				E44C058213C20EA500C0B62A /* ftrender.h */,
				E44C058313C20EA500C0B62A /* ftsizes.h */,
				E44C058413C20EA500C0B62A /* ftsnames.h */,
				E44C058513C20EA500C0B62A /* ftstroke.h */,
				E44C058613C20EA500C0B62A /* ftsynth.h */,
				E44C058713C20EA500C0B62A /* ftsystem.h */,
				E44C058813C20EA500C0B62A /* fttrigon.h */,
				E44C058913C20EA500C0B62A /* fttypes.h */,
				E44C058A13C20EA500C0B62A /* ftwinfnt.h */,
				E44C058B13C20EA500C0B62A /* ftxf86.h */,
				E44C058C13C20EA500C0B62A /* internal */,
				E44C05B313C20EA500C0B62A /* t1tables.h */,
				E44C05B413C20EA500C0B62A /* ttnameid.h */,
				E44C05B513C20EA500C0B62A /* tttables.h */,
				E44C05B613C20EA500C0B62A /* tttags.h */,
				E44C05B713C20EA500C0B62A /* ttunpat.h */,
			);
			path = freetype;
			sourceTree = "<group>";
		};
		E44C056213C20EA500C0B62A /* config */ = {
			isa = PBXGroup;
			children = (
				E44C056313C20EA500C0B62A /* ftconfig.h */,
				E44C056413C20EA500C0B62A /* ftheader.h */,
				E44C056513C20EA500C0B62A /* ftmodule.h */,
				E44C056613C20EA500C0B62A /* ftoption.h */,
				E44C056713C20EA500C0B62A /* ftstdlib.h */,
			);
			path = config;
			sourceTree = "<group>";
		};
		E44C058C13C20EA500C0B62A /* internal */ = {
			isa = PBXGroup;
			children = (
				E44C058D13C20EA500C0B62A /* autohint.h */,
				E44C058E13C20EA500C0B62A /* ftcalc.h */,
				E44C058F13C20EA500C0B62A /* ftdebug.h */,
				E44C059013C20EA500C0B62A /* ftdriver.h */,
				E44C059113C20EA500C0B62A /* ftgloadr.h */,
				E44C059213C20EA500C0B62A /* ftmemory.h */,
				E44C059313C20EA500C0B62A /* ftobjs.h */,
				E44C059413C20EA500C0B62A /* ftpic.h */,
				E44C059513C20EA500C0B62A /* ftrfork.h */,
				E44C059613C20EA500C0B62A /* ftserv.h */,
				E44C059713C20EA500C0B62A /* ftstream.h */,
				E44C059813C20EA500C0B62A /* fttrace.h */,
				E44C059913C20EA500C0B62A /* ftvalid.h */,
				E44C059A13C20EA500C0B62A /* internal.h */,
				E44C059B13C20EA500C0B62A /* pcftypes.h */,
				E44C059C13C20EA500C0B62A /* psaux.h */,
				E44C059D13C20EA500C0B62A /* pshints.h */,
				E44C059E13C20EA500C0B62A /* services */,
				E44C05B013C20EA500C0B62A /* sfnt.h */,
				E44C05B113C20EA500C0B62A /* t1types.h */,
				E44C05B213C20EA500C0B62A /* tttypes.h */,
			);
			path = internal;
			sourceTree = "<group>";
		};
		E44C059E13C20EA500C0B62A /* services */ = {
			isa = PBXGroup;
			children = (
				E44C059F13C20EA500C0B62A /* svbdf.h */,
				E44C05A013C20EA500C0B62A /* svcid.h */,
				E44C05A113C20EA500C0B62A /* svgldict.h */,
				E44C05A213C20EA500C0B62A /* svgxval.h */,
				E44C05A313C20EA500C0B62A /* svkern.h */,
				E44C05A413C20EA500C0B62A /* svmm.h */,
				E44C05A513C20EA500C0B62A /* svotval.h */,
				E44C05A613C20EA500C0B62A /* svpfr.h */,
				E44C05A713C20EA500C0B62A /* svpostnm.h */,
				E44C05A813C20EA500C0B62A /* svpscmap.h */,
				E44C05A913C20EA500C0B62A /* svpsinfo.h */,
				E44C05AA13C20EA500C0B62A /* svsfnt.h */,
				E44C05AB13C20EA500C0B62A /* svttcmap.h */,
				E44C05AC13C20EA500C0B62A /* svtteng.h */,
				E44C05AD13C20EA500C0B62A /* svttglyf.h */,
				E44C05AE13C20EA500C0B62A /* svwinfnt.h */,
				E44C05AF13C20EA500C0B62A /* svxf86nm.h */,
			);
			path = services;
			sourceTree = "<group>";
		};
		E44C05BA13C20EA500C0B62A /* src */ = {
			isa = PBXGroup;
			children = (
				E44C05BB13C20EA500C0B62A /* ofTrueTypeFont.cpp */,
				E44C05BC13C20EA500C0B62A /* ofTrueTypeFont.h */,
			);
			path = src;
			sourceTree = "<group>";
		};
		E44D3EDF137BDA2700345249 /* milgron */ = {
			isa = PBXGroup;
			children = (
				E44D3EE0137BDA4900345249 /* ofSoundStream.h */,
				E44D3EE1137BDA4900345249 /* ofxiPhoneSoundStream.mm */,
			);
			name = milgron;
			sourceTree = "<group>";
		};
		E45FDA0C140254600081A207 /* ofxAudioLimiter */ = {
			isa = PBXGroup;
			children = (
				E45FDA0D140254600081A207 /* src */,
			);
			name = ofxAudioLimiter;
			path = "../of_preRelease/My Addons/ofxAudioLimiter";
			sourceTree = SOURCE_ROOT;
		};
		E45FDA0D140254600081A207 /* src */ = {
			isa = PBXGroup;
			children = (
				E45FDA0E140254600081A207 /* ofxAudioLimiter.cpp */,
				E45FDA0F140254600081A207 /* ofxAudioLimiter.h */,
			);
			path = src;
			sourceTree = "<group>";
		};
		E49064A6137024DA0034C2F5 /* src */ = {
			isa = PBXGroup;
			children = (
				E40B0332137FD062001008FE /* testApp.h */,
				E40B0333137FD062001008FE /* testApp.mm */,
				E40B0331137FD062001008FE /* Disc.h */,
				E40B0330137FD062001008FE /* Disc.cpp */,
				E49DC9BF13A7A13300E3C79F /* notationUtils.h */,
				E49DC9C013A7A13300E3C79F /* notationUtils.cpp */,
			);
			name = src;
			sourceTree = "<group>";
		};
		E49064CF137026F50034C2F5 /* addons */ = {
			isa = PBXGroup;
			children = (
				E45FDA0C140254600081A207 /* ofxAudioLimiter */,
				E4AF3F0913C221760060359D /* ofxAudio */,
				E44C053713C20EA500C0B62A /* ofTrueTypeFont */,
				E44C04E713C1EBFE00C0B62A /* ofxButton */,
				E44C046B13C1EB6E00C0B62A /* common */,
				E44C047013C1EB6E00C0B62A /* myOF */,
				E44C04C413C1EB6E00C0B62A /* ofxiTexture */,
				E44C045C13C1EB5A00C0B62A /* ofxXmlSettings */,
				E44D3EDF137BDA2700345249 /* milgron */,
			);
			name = addons;
			sourceTree = "<group>";
		};
		E4AF3F0913C221760060359D /* ofxAudio */ = {
			isa = PBXGroup;
			children = (
				E4AF3F0A13C221760060359D /* iPublicUtility */,
				E4AF3F1113C221760060359D /* README */,
				E4AF3F1213C221760060359D /* src */,
			);
			name = ofxAudio;
			path = "../of_preRelease/My Addons/ofxAudio";
			sourceTree = SOURCE_ROOT;
		};
		E4AF3F0A13C221760060359D /* iPublicUtility */ = {
			isa = PBXGroup;
			children = (
				E4AF3F0B13C221760060359D /* CADebugMacros.h */,
				E4AF3F0C13C221760060359D /* CAMath.h */,
				E4AF3F0D13C221760060359D /* CAStreamBasicDescription.cpp */,
				E4AF3F0E13C221760060359D /* CAStreamBasicDescription.h */,
				E4AF3F0F13C221760060359D /* CAXException.cpp */,
				E4AF3F1013C221760060359D /* CAXException.h */,
			);
			path = iPublicUtility;
			sourceTree = "<group>";
		};
		E4AF3F1213C221760060359D /* src */ = {
			isa = PBXGroup;
			children = (
				E4AF3F1313C221760060359D /* ofxAudioFile.h */,
				E4AF3F1413C221760060359D /* ofxAudioFile.mm */,
				E4AF3F1513C221760060359D /* ofxAudioInstrument.cpp */,
				E4AF3F1613C221760060359D /* ofxAudioInstrument.h */,
			);
			path = src;
			sourceTree = "<group>";
		};
		E4DD0D8C136978F000DB1B03 /* Model Classes */ = {
			isa = PBXGroup;
			children = (
				E481CE4013F3B78E0034F652 /* Scale.h */,
				E481CE4113F3B78E0034F652 /* Scale.m */,
			);
			name = "Model Classes";
			sourceTree = "<group>";
		};
/* End PBXGroup section */

/* Begin PBXNativeTarget section */
		1D6058900D05DD3D006BFB54 /* Musicreed */ = {
			isa = PBXNativeTarget;
			buildConfigurationList = 1D6058960D05DD3E006BFB54 /* Build configuration list for PBXNativeTarget "Musicreed" */;
			buildPhases = (
				1D60588D0D05DD3D006BFB54 /* Resources */,
				1D60588E0D05DD3D006BFB54 /* Sources */,
				1D60588F0D05DD3D006BFB54 /* Frameworks */,
			);
			buildRules = (
			);
			dependencies = (
			);
			name = Musicreed;
			productName = Musicreed;
			productReference = 1D6058910D05DD3D006BFB54 /* Musicreed.app */;
			productType = "com.apple.product-type.application";
		};
/* End PBXNativeTarget section */

/* Begin PBXProject section */
		29B97313FDCFA39411CA2CEA /* Project object */ = {
			isa = PBXProject;
			buildConfigurationList = C01FCF4E08A954540054247B /* Build configuration list for PBXProject "Musicreed" */;
			compatibilityVersion = "Xcode 3.1";
			developmentRegion = English;
			hasScannedForEncodings = 1;
			knownRegions = (
				English,
				Japanese,
				French,
				German,
			);
			mainGroup = 29B97314FDCFA39411CA2CEA /* CustomTemplate */;
			projectDirPath = "";
			projectRoot = "";
			targets = (
				1D6058900D05DD3D006BFB54 /* Musicreed */,
			);
		};
/* End PBXProject section */

/* Begin PBXResourcesBuildPhase section */
		1D60588D0D05DD3D006BFB54 /* Resources */ = {
			isa = PBXResourcesBuildPhase;
			buildActionMask = 2147483647;
			files = (
				E4E6509D137FF7CA00DFCE6E /* MainWindow.xib in Resources */,
				E4E6509E137FF7CA00DFCE6E /* MusicreedViewController.xib in Resources */,
				E4E6509F137FF7CA00DFCE6E /* ScaleCell.xib in Resources */,
				E4E650A4137FF7F700DFCE6E /* MAIAN.TTF in Resources */,
				E4E650A5137FF7F700DFCE6E /* Maiandra GD Demi Bold.ttf in Resources */,
				E4F89C8413B2437000A36E03 /* ChordsViewController.xib in Resources */,
				E44C046613C1EB5A00C0B62A /* install.xml in Resources */,
				E4AF3F1B13C221760060359D /* README in Resources */,
				E481CE2D13F3B72F0034F652 /* ScalesTableViewController.xib in Resources */,
				E481CE2F13F3B72F0034F652 /* SubsystemTableViewController.xib in Resources */,
				E481CE3113F3B72F0034F652 /* SystemTableViewController.xib in Resources */,
				E4A8AD9F13FA4EA8006058D4 /* scales.xml in Resources */,
				E49979711425F66C00D0C459 /* SCALE_DOWN.png in Resources */,
				E49979721425F66C00D0C459 /* SCALE_PLAY.png in Resources */,
				E49979731425F66C00D0C459 /* SCALE_UP.png in Resources */,
			);
			runOnlyForDeploymentPostprocessing = 0;
		};
/* End PBXResourcesBuildPhase section */

/* Begin PBXSourcesBuildPhase section */
		1D60588E0D05DD3D006BFB54 /* Sources */ = {
			isa = PBXSourcesBuildPhase;
			buildActionMask = 2147483647;
			files = (
				1D3623260D0F684500981E51 /* MusicreedAppDelegate.mm in Sources */,
				28D7ACF80DDB3853001CB0EB /* MusicreedViewController.mm in Sources */,
				E490649013700BD90034C2F5 /* EAGLView.mm in Sources */,
				E49065C21370393E0034C2F5 /* CustomFontLabel.m in Sources */,
				E49065CC13703A090034C2F5 /* CustomButton.m in Sources */,
				E44D3E19137BD05B00345249 /* TouchView.mm in Sources */,
				E44D3EE2137BDA4900345249 /* ofxiPhoneSoundStream.mm in Sources */,
				E40B0334137FD062001008FE /* Disc.cpp in Sources */,
				E40B0335137FD062001008FE /* testApp.mm in Sources */,
				E4E650AF137FF84700DFCE6E /* main.m in Sources */,
				E49DC9C113A7A13300E3C79F /* notationUtils.cpp in Sources */,
				E4F89C8713B243FE00A36E03 /* ChordsViewController.mm in Sources */,
				E44C046713C1EB5A00C0B62A /* tinyxml.cpp in Sources */,
				E44C046813C1EB5A00C0B62A /* tinyxmlerror.cpp in Sources */,
				E44C046913C1EB5A00C0B62A /* tinyxmlparser.cpp in Sources */,
				E44C046A13C1EB5A00C0B62A /* ofxXmlSettings.cpp in Sources */,
				E44C04C813C1EB6E00C0B62A /* easing.cpp in Sources */,
				E44C04C913C1EB6E00C0B62A /* ofMainExt.mm in Sources */,
				E44C04CA13C1EB6E00C0B62A /* ofMain.mm in Sources */,
				E44C04CB13C1EB6E00C0B62A /* ofxiPhoneExtras.mm in Sources */,
				E44C04D513C1EB6E00C0B62A /* ofxiTexture.mm in Sources */,
				E44C04EB13C1EBFE00C0B62A /* ofxButton.cpp in Sources */,
				E44C05D513C20EA500C0B62A /* ofTrueTypeFont.cpp in Sources */,
				E4AF3F1913C221760060359D /* CAStreamBasicDescription.cpp in Sources */,
				E4AF3F1A13C221760060359D /* CAXException.cpp in Sources */,
				E4AF3F1C13C221760060359D /* ofxAudioFile.mm in Sources */,
				E4AF3F1D13C221760060359D /* ofxAudioInstrument.cpp in Sources */,
				E481CE2B13F3B72F0034F652 /* ScalesParser.m in Sources */,
				E481CE2C13F3B72F0034F652 /* ScalesTableViewController.mm in Sources */,
				E481CE2E13F3B72F0034F652 /* SubsystemTableViewController.mm in Sources */,
				E481CE3013F3B72F0034F652 /* SystemTableViewController.mm in Sources */,
				E481CE4213F3B78E0034F652 /* Scale.m in Sources */,
				E45FDA10140254600081A207 /* ofxAudioLimiter.cpp in Sources */,
				E4816CD914262A7600C5C5D6 /* ScaleCell.mm in Sources */,
			);
			runOnlyForDeploymentPostprocessing = 0;
		};
/* End PBXSourcesBuildPhase section */

/* Begin XCBuildConfiguration section */
		1D6058940D05DD3E006BFB54 /* Debug */ = {
			isa = XCBuildConfiguration;
			buildSettings = {
				ALWAYS_SEARCH_USER_PATHS = NO;
				ARCHS = "$(ARCHS_STANDARD_32_BIT)";
				"CODE_SIGN_IDENTITY[sdk=iphoneos*]" = "iPhone Developer: Roee Kremer (S8LHA25A98)";
				COPY_PHASE_STRIP = NO;
				GCC_DYNAMIC_NO_PIC = NO;
				GCC_OPTIMIZATION_LEVEL = 0;
				GCC_PRECOMPILE_PREFIX_HEADER = YES;
				GCC_PREFIX_HEADER = Musicreed_Prefix.pch;
				HEADER_SEARCH_PATHS = (
					"/Users/roikr/Developer/of_preRelease/My\\ Addons/ofTrueTypeFont/libs/freetype2/include/**",
					"/Users/roikr/Developer/Platforms/iPhoneOS.platform/Developer/SDKs/iPhoneOS$(IPHONEOS_DEPLOYMENT_TARGET).sdk/include",
				);
				INFOPLIST_FILE = "Musicreed-Info.plist";
				IPHONEOS_DEPLOYMENT_TARGET = 3.0;
				LIBRARY_SEARCH_PATHS = (
					"/Users/roikr/Developer/Platforms/iPhoneOS.platform/Developer/SDKs/iPhoneOS$(IPHONEOS_DEPLOYMENT_TARGET).sdk/lib",
					"\"$(SRCROOT)/../of_preRelease/My Addons/ofTrueTypeFont/libs/freetype2\"",
				);
				ONLY_ACTIVE_ARCH = NO;
				OTHER_LDFLAGS = "-lGLU";
				PRODUCT_NAME = Musicreed;
				"PROVISIONING_PROFILE[sdk=iphoneos*]" = "FAA6F447-8C39-4E2D-8746-C4E36E5E865D";
			};
			name = Debug;
		};
		1D6058950D05DD3E006BFB54 /* Release */ = {
			isa = XCBuildConfiguration;
			buildSettings = {
				ALWAYS_SEARCH_USER_PATHS = NO;
				ARCHS = "$(ARCHS_STANDARD_32_BIT)";
				COPY_PHASE_STRIP = YES;
				GCC_PRECOMPILE_PREFIX_HEADER = YES;
				GCC_PREFIX_HEADER = Musicreed_Prefix.pch;
				HEADER_SEARCH_PATHS = (
					"/Users/roikr/Developer/of_preRelease/My\\ Addons/ofTrueTypeFont/libs/freetype2/include/**",
					"/Users/roikr/Developer/Platforms/iPhoneOS.platform/Developer/SDKs/iPhoneOS$(IPHONEOS_DEPLOYMENT_TARGET).sdk/include",
				);
				INFOPLIST_FILE = "Musicreed-Info.plist";
				IPHONEOS_DEPLOYMENT_TARGET = 3.0;
				LIBRARY_SEARCH_PATHS = (
					"/Users/roikr/Developer/Platforms/iPhoneOS.platform/Developer/SDKs/iPhoneOS$(IPHONEOS_DEPLOYMENT_TARGET).sdk/lib",
					"\"$(SRCROOT)/../of_preRelease/My Addons/ofTrueTypeFont/libs/freetype2\"",
				);
				ONLY_ACTIVE_ARCH = NO;
				OTHER_LDFLAGS = "-lGLU";
				PRODUCT_NAME = Musicreed;
				VALIDATE_PRODUCT = YES;
			};
			name = Release;
		};
		C01FCF4F08A954540054247B /* Debug */ = {
			isa = XCBuildConfiguration;
			buildSettings = {
				ARCHS = "$(ARCHS_STANDARD_32_BIT)";
				"CODE_SIGN_IDENTITY[sdk=iphoneos*]" = "iPhone Developer";
				GCC_C_LANGUAGE_STANDARD = c99;
				GCC_WARN_ABOUT_RETURN_TYPE = YES;
				GCC_WARN_UNUSED_VARIABLE = YES;
				PREBINDING = NO;
				SDKROOT = iphoneos;
			};
			name = Debug;
		};
		C01FCF5008A954540054247B /* Release */ = {
			isa = XCBuildConfiguration;
			buildSettings = {
				ARCHS = "$(ARCHS_STANDARD_32_BIT)";
				"CODE_SIGN_IDENTITY[sdk=iphoneos*]" = "iPhone Developer";
				GCC_C_LANGUAGE_STANDARD = c99;
				GCC_WARN_ABOUT_RETURN_TYPE = YES;
				GCC_WARN_UNUSED_VARIABLE = YES;
				OTHER_CFLAGS = "-DNS_BLOCK_ASSERTIONS=1";
				PREBINDING = NO;
				SDKROOT = iphoneos;
			};
			name = Release;
		};
		E40B024A137FB569001008FE /* Ad Hoc */ = {
			isa = XCBuildConfiguration;
			buildSettings = {
				ARCHS = "$(ARCHS_STANDARD_32_BIT)";
				"CODE_SIGN_IDENTITY[sdk=iphoneos*]" = "iPhone Developer";
				GCC_C_LANGUAGE_STANDARD = c99;
				GCC_WARN_ABOUT_RETURN_TYPE = YES;
				GCC_WARN_UNUSED_VARIABLE = YES;
				OTHER_CFLAGS = "-DNS_BLOCK_ASSERTIONS=1";
				PREBINDING = NO;
				SDKROOT = iphoneos;
			};
			name = "Ad Hoc";
		};
		E40B024B137FB569001008FE /* Ad Hoc */ = {
			isa = XCBuildConfiguration;
			buildSettings = {
				ALWAYS_SEARCH_USER_PATHS = NO;
				ARCHS = "$(ARCHS_STANDARD_32_BIT)";
				"CODE_SIGN_IDENTITY[sdk=iphoneos*]" = "iPhone Distribution: Roee Kremer";
				COPY_PHASE_STRIP = YES;
				GCC_PRECOMPILE_PREFIX_HEADER = YES;
				GCC_PREFIX_HEADER = Musicreed_Prefix.pch;
				HEADER_SEARCH_PATHS = (
					"/Users/roikr/Developer/of_preRelease/My\\ Addons/ofTrueTypeFont/libs/freetype2/include/**",
					"/Users/roikr/Developer/Platforms/iPhoneOS.platform/Developer/SDKs/iPhoneOS$(IPHONEOS_DEPLOYMENT_TARGET).sdk/include",
				);
				INFOPLIST_FILE = "Musicreed-Info.plist";
				IPHONEOS_DEPLOYMENT_TARGET = 3.0;
				LIBRARY_SEARCH_PATHS = (
					"/Users/roikr/Developer/Platforms/iPhoneOS.platform/Developer/SDKs/iPhoneOS$(IPHONEOS_DEPLOYMENT_TARGET).sdk/lib",
					"\"$(SRCROOT)/../of_preRelease/My Addons/ofTrueTypeFont/libs/freetype2\"",
				);
				ONLY_ACTIVE_ARCH = NO;
				OTHER_LDFLAGS = "-lGLU";
				PRODUCT_NAME = Musicreed;
				"PROVISIONING_PROFILE[sdk=iphoneos*]" = "A6C7CC37-4328-487B-A3FA-1D336213816D";
				VALIDATE_PRODUCT = YES;
			};
			name = "Ad Hoc";
		};
/* End XCBuildConfiguration section */

/* Begin XCConfigurationList section */
		1D6058960D05DD3E006BFB54 /* Build configuration list for PBXNativeTarget "Musicreed" */ = {
			isa = XCConfigurationList;
			buildConfigurations = (
				1D6058940D05DD3E006BFB54 /* Debug */,
				1D6058950D05DD3E006BFB54 /* Release */,
				E40B024B137FB569001008FE /* Ad Hoc */,
			);
			defaultConfigurationIsVisible = 0;
			defaultConfigurationName = Release;
		};
		C01FCF4E08A954540054247B /* Build configuration list for PBXProject "Musicreed" */ = {
			isa = XCConfigurationList;
			buildConfigurations = (
				C01FCF4F08A954540054247B /* Debug */,
				C01FCF5008A954540054247B /* Release */,
				E40B024A137FB569001008FE /* Ad Hoc */,
			);
			defaultConfigurationIsVisible = 0;
			defaultConfigurationName = Release;
		};
/* End XCConfigurationList section */
	};
	rootObject = 29B97313FDCFA39411CA2CEA /* Project object */;
}
