// !$*UTF8*$!
{
	archiveVersion = 1;
	classes = {
	};
	objectVersion = 46;
	objects = {

/* Begin PBXBuildFile section */
		1D3623260D0F684500981E51 /* ScaleSelectionAppDelegate.m in Sources */ = {isa = PBXBuildFile; fileRef = 1D3623250D0F684500981E51 /* ScaleSelectionAppDelegate.m */; };
		1D60589B0D05DD56006BFB54 /* main.m in Sources */ = {isa = PBXBuildFile; fileRef = 29B97316FDCFA39411CA2CEA /* main.m */; };
		1D60589F0D05DD5A006BFB54 /* Foundation.framework in Frameworks */ = {isa = PBXBuildFile; fileRef = 1D30AB110D05D00D00671497 /* Foundation.framework */; };
		1DF5F4E00D08C38300B7A737 /* UIKit.framework in Frameworks */ = {isa = PBXBuildFile; fileRef = 1DF5F4DF0D08C38300B7A737 /* UIKit.framework */; };
		2892E4100DC94CBA00A64D0F /* CoreGraphics.framework in Frameworks */ = {isa = PBXBuildFile; fileRef = 2892E40F0DC94CBA00A64D0F /* CoreGraphics.framework */; };
		28AD73600D9D9599002E5188 /* MainWindow.xib in Resources */ = {isa = PBXBuildFile; fileRef = 28AD735F0D9D9599002E5188 /* MainWindow.xib */; };
		E4FC310A13F00E1B0054303F /* ScalesParser.m in Sources */ = {isa = PBXBuildFile; fileRef = E4FC310913F00E1B0054303F /* ScalesParser.m */; };
		E4FC316C13F00E760054303F /* Scale.m in Sources */ = {isa = PBXBuildFile; fileRef = E4FC316B13F00E760054303F /* Scale.m */; };
		E4FC31A113F02BD20054303F /* ScalesTableViewController.m in Sources */ = {isa = PBXBuildFile; fileRef = E4FC319F13F02BD20054303F /* ScalesTableViewController.m */; };
		E4FC31A213F02BD20054303F /* ScalesTableViewController.xib in Resources */ = {isa = PBXBuildFile; fileRef = E4FC31A013F02BD20054303F /* ScalesTableViewController.xib */; };
		E4FC31BD13F02F330054303F /* CustomFontLabel.m in Sources */ = {isa = PBXBuildFile; fileRef = E4FC31BA13F02F330054303F /* CustomFontLabel.m */; };
		E4FC31BE13F02F330054303F /* ScaleCell.m in Sources */ = {isa = PBXBuildFile; fileRef = E4FC31BC13F02F330054303F /* ScaleCell.m */; };
		E4FC31C013F02F500054303F /* ScaleCell.xib in Resources */ = {isa = PBXBuildFile; fileRef = E4FC31BF13F02F500054303F /* ScaleCell.xib */; };
		E4FC324713F043200054303F /* MAIAN.TTF in Resources */ = {isa = PBXBuildFile; fileRef = E4FC324413F043200054303F /* MAIAN.TTF */; };
		E4FC324813F043200054303F /* Maiandra GD Demi Bold.ttf in Resources */ = {isa = PBXBuildFile; fileRef = E4FC324513F043200054303F /* Maiandra GD Demi Bold.ttf */; };
		E4FC324913F043200054303F /* systems.xml in Resources */ = {isa = PBXBuildFile; fileRef = E4FC324613F043200054303F /* systems.xml */; };
/* End PBXBuildFile section */

/* Begin PBXFileReference section */
		1D30AB110D05D00D00671497 /* Foundation.framework */ = {isa = PBXFileReference; lastKnownFileType = wrapper.framework; name = Foundation.framework; path = System/Library/Frameworks/Foundation.framework; sourceTree = SDKROOT; };
		1D3623240D0F684500981E51 /* ScaleSelectionAppDelegate.h */ = {isa = PBXFileReference; fileEncoding = 4; lastKnownFileType = sourcecode.c.h; path = ScaleSelectionAppDelegate.h; sourceTree = "<group>"; };
		1D3623250D0F684500981E51 /* ScaleSelectionAppDelegate.m */ = {isa = PBXFileReference; fileEncoding = 4; lastKnownFileType = sourcecode.c.objc; path = ScaleSelectionAppDelegate.m; sourceTree = "<group>"; };
		1D6058910D05DD3D006BFB54 /* ScaleSelection.app */ = {isa = PBXFileReference; explicitFileType = wrapper.application; includeInIndex = 0; path = ScaleSelection.app; sourceTree = BUILT_PRODUCTS_DIR; };
		1DF5F4DF0D08C38300B7A737 /* UIKit.framework */ = {isa = PBXFileReference; lastKnownFileType = wrapper.framework; name = UIKit.framework; path = System/Library/Frameworks/UIKit.framework; sourceTree = SDKROOT; };
		2892E40F0DC94CBA00A64D0F /* CoreGraphics.framework */ = {isa = PBXFileReference; lastKnownFileType = wrapper.framework; name = CoreGraphics.framework; path = System/Library/Frameworks/CoreGraphics.framework; sourceTree = SDKROOT; };
		28A0AAE50D9B0CCF005BE974 /* ScaleSelection_Prefix.pch */ = {isa = PBXFileReference; fileEncoding = 4; lastKnownFileType = sourcecode.c.h; path = ScaleSelection_Prefix.pch; sourceTree = "<group>"; };
		28AD735F0D9D9599002E5188 /* MainWindow.xib */ = {isa = PBXFileReference; lastKnownFileType = file.xib; path = MainWindow.xib; sourceTree = "<group>"; };
		29B97316FDCFA39411CA2CEA /* main.m */ = {isa = PBXFileReference; fileEncoding = 4; lastKnownFileType = sourcecode.c.objc; path = main.m; sourceTree = "<group>"; };
		8D1107310486CEB800E47090 /* ScaleSelection-Info.plist */ = {isa = PBXFileReference; fileEncoding = 4; lastKnownFileType = text.plist.xml; path = "ScaleSelection-Info.plist"; plistStructureDefinitionIdentifier = "com.apple.xcode.plist.structure-definition.iphone.info-plist"; sourceTree = "<group>"; };
		E4FC310813F00E1B0054303F /* ScalesParser.h */ = {isa = PBXFileReference; fileEncoding = 4; lastKnownFileType = sourcecode.c.h; name = ScalesParser.h; path = ../Classes/ScalesParser.h; sourceTree = SOURCE_ROOT; };
		E4FC310913F00E1B0054303F /* ScalesParser.m */ = {isa = PBXFileReference; fileEncoding = 4; lastKnownFileType = sourcecode.c.objc; name = ScalesParser.m; path = ../Classes/ScalesParser.m; sourceTree = SOURCE_ROOT; };
		E4FC316A13F00E760054303F /* Scale.h */ = {isa = PBXFileReference; fileEncoding = 4; lastKnownFileType = sourcecode.c.h; name = Scale.h; path = ../Model/Scale.h; sourceTree = SOURCE_ROOT; };
		E4FC316B13F00E760054303F /* Scale.m */ = {isa = PBXFileReference; fileEncoding = 4; lastKnownFileType = sourcecode.c.objc; name = Scale.m; path = ../Model/Scale.m; sourceTree = SOURCE_ROOT; };
		E4FC319E13F02BD20054303F /* ScalesTableViewController.h */ = {isa = PBXFileReference; fileEncoding = 4; lastKnownFileType = sourcecode.c.h; name = ScalesTableViewController.h; path = ../Classes/ScalesTableViewController.h; sourceTree = SOURCE_ROOT; };
		E4FC319F13F02BD20054303F /* ScalesTableViewController.m */ = {isa = PBXFileReference; fileEncoding = 4; lastKnownFileType = sourcecode.c.objc; name = ScalesTableViewController.m; path = ../Classes/ScalesTableViewController.m; sourceTree = SOURCE_ROOT; };
		E4FC31A013F02BD20054303F /* ScalesTableViewController.xib */ = {isa = PBXFileReference; lastKnownFileType = file.xib; name = ScalesTableViewController.xib; path = ../Classes/ScalesTableViewController.xib; sourceTree = SOURCE_ROOT; };
		E4FC31B913F02F330054303F /* CustomFontLabel.h */ = {isa = PBXFileReference; fileEncoding = 4; lastKnownFileType = sourcecode.c.h; name = CustomFontLabel.h; path = ../Classes/CustomFontLabel.h; sourceTree = SOURCE_ROOT; };
		E4FC31BA13F02F330054303F /* CustomFontLabel.m */ = {isa = PBXFileReference; fileEncoding = 4; lastKnownFileType = sourcecode.c.objc; name = CustomFontLabel.m; path = ../Classes/CustomFontLabel.m; sourceTree = SOURCE_ROOT; };
		E4FC31BB13F02F330054303F /* ScaleCell.h */ = {isa = PBXFileReference; fileEncoding = 4; lastKnownFileType = sourcecode.c.h; name = ScaleCell.h; path = ../Classes/ScaleCell.h; sourceTree = SOURCE_ROOT; };
		E4FC31BC13F02F330054303F /* ScaleCell.m */ = {isa = PBXFileReference; fileEncoding = 4; lastKnownFileType = sourcecode.c.objc; name = ScaleCell.m; path = ../Classes/ScaleCell.m; sourceTree = SOURCE_ROOT; };
		E4FC31BF13F02F500054303F /* ScaleCell.xib */ = {isa = PBXFileReference; lastKnownFileType = file.xib; name = ScaleCell.xib; path = ../Resources/ScaleCell.xib; sourceTree = SOURCE_ROOT; };
		E4FC324413F043200054303F /* MAIAN.TTF */ = {isa = PBXFileReference; lastKnownFileType = file; name = MAIAN.TTF; path = ../Resources/MAIAN.TTF; sourceTree = SOURCE_ROOT; };
		E4FC324513F043200054303F /* Maiandra GD Demi Bold.ttf */ = {isa = PBXFileReference; lastKnownFileType = file; name = "Maiandra GD Demi Bold.ttf"; path = "../Resources/Maiandra GD Demi Bold.ttf"; sourceTree = SOURCE_ROOT; };
		E4FC324613F043200054303F /* systems.xml */ = {isa = PBXFileReference; fileEncoding = 4; lastKnownFileType = text.xml; name = systems.xml; path = ../Resources/systems.xml; sourceTree = SOURCE_ROOT; };
/* End PBXFileReference section */

/* Begin PBXFrameworksBuildPhase section */
		1D60588F0D05DD3D006BFB54 /* Frameworks */ = {
			isa = PBXFrameworksBuildPhase;
			buildActionMask = 2147483647;
			files = (
				1D60589F0D05DD5A006BFB54 /* Foundation.framework in Frameworks */,
				1DF5F4E00D08C38300B7A737 /* UIKit.framework in Frameworks */,
				2892E4100DC94CBA00A64D0F /* CoreGraphics.framework in Frameworks */,
			);
			runOnlyForDeploymentPostprocessing = 0;
		};
/* End PBXFrameworksBuildPhase section */

/* Begin PBXGroup section */
		080E96DDFE201D6D7F000001 /* Classes */ = {
			isa = PBXGroup;
			children = (
				1D3623240D0F684500981E51 /* ScaleSelectionAppDelegate.h */,
				1D3623250D0F684500981E51 /* ScaleSelectionAppDelegate.m */,
			);
			path = Classes;
			sourceTree = "<group>";
		};
		19C28FACFE9D520D11CA2CBB /* Products */ = {
			isa = PBXGroup;
			children = (
				1D6058910D05DD3D006BFB54 /* ScaleSelection.app */,
			);
			name = Products;
			sourceTree = "<group>";
		};
		29B97314FDCFA39411CA2CEA /* CustomTemplate */ = {
			isa = PBXGroup;
			children = (
				E4FC324313F043070054303F /* MusicreedResources */,
				E4FC310713F00D9E0054303F /* MusicreedClasses */,
				080E96DDFE201D6D7F000001 /* Classes */,
				29B97315FDCFA39411CA2CEA /* Other Sources */,
				29B97317FDCFA39411CA2CEA /* Resources */,
				29B97323FDCFA39411CA2CEA /* Frameworks */,
				19C28FACFE9D520D11CA2CBB /* Products */,
			);
			name = CustomTemplate;
			sourceTree = "<group>";
		};
		29B97315FDCFA39411CA2CEA /* Other Sources */ = {
			isa = PBXGroup;
			children = (
				28A0AAE50D9B0CCF005BE974 /* ScaleSelection_Prefix.pch */,
				29B97316FDCFA39411CA2CEA /* main.m */,
			);
			name = "Other Sources";
			sourceTree = "<group>";
		};
		29B97317FDCFA39411CA2CEA /* Resources */ = {
			isa = PBXGroup;
			children = (
				28AD735F0D9D9599002E5188 /* MainWindow.xib */,
				8D1107310486CEB800E47090 /* ScaleSelection-Info.plist */,
			);
			name = Resources;
			sourceTree = "<group>";
		};
		29B97323FDCFA39411CA2CEA /* Frameworks */ = {
			isa = PBXGroup;
			children = (
				1DF5F4DF0D08C38300B7A737 /* UIKit.framework */,
				1D30AB110D05D00D00671497 /* Foundation.framework */,
				2892E40F0DC94CBA00A64D0F /* CoreGraphics.framework */,
			);
			name = Frameworks;
			sourceTree = "<group>";
		};
		E4FC310713F00D9E0054303F /* MusicreedClasses */ = {
			isa = PBXGroup;
			children = (
				E4FC319E13F02BD20054303F /* ScalesTableViewController.h */,
				E4FC319F13F02BD20054303F /* ScalesTableViewController.m */,
				E4FC31A013F02BD20054303F /* ScalesTableViewController.xib */,
				E4FC310813F00E1B0054303F /* ScalesParser.h */,
				E4FC310913F00E1B0054303F /* ScalesParser.m */,
				E4FC316A13F00E760054303F /* Scale.h */,
				E4FC316B13F00E760054303F /* Scale.m */,
				E4FC31BB13F02F330054303F /* ScaleCell.h */,
				E4FC31BC13F02F330054303F /* ScaleCell.m */,
				E4FC31BF13F02F500054303F /* ScaleCell.xib */,
				E4FC31B913F02F330054303F /* CustomFontLabel.h */,
				E4FC31BA13F02F330054303F /* CustomFontLabel.m */,
			);
			name = MusicreedClasses;
			sourceTree = "<group>";
		};
		E4FC324313F043070054303F /* MusicreedResources */ = {
			isa = PBXGroup;
			children = (
				E4FC324413F043200054303F /* MAIAN.TTF */,
				E4FC324513F043200054303F /* Maiandra GD Demi Bold.ttf */,
				E4FC324613F043200054303F /* systems.xml */,
			);
			name = MusicreedResources;
			sourceTree = "<group>";
		};
/* End PBXGroup section */

/* Begin PBXNativeTarget section */
		1D6058900D05DD3D006BFB54 /* ScaleSelection */ = {
			isa = PBXNativeTarget;
			buildConfigurationList = 1D6058960D05DD3E006BFB54 /* Build configuration list for PBXNativeTarget "ScaleSelection" */;
			buildPhases = (
				1D60588D0D05DD3D006BFB54 /* Resources */,
				1D60588E0D05DD3D006BFB54 /* Sources */,
				1D60588F0D05DD3D006BFB54 /* Frameworks */,
			);
			buildRules = (
			);
			dependencies = (
			);
			name = ScaleSelection;
			productName = ScaleSelection;
			productReference = 1D6058910D05DD3D006BFB54 /* ScaleSelection.app */;
			productType = "com.apple.product-type.application";
		};
/* End PBXNativeTarget section */

/* Begin PBXProject section */
		29B97313FDCFA39411CA2CEA /* Project object */ = {
			isa = PBXProject;
			buildConfigurationList = C01FCF4E08A954540054247B /* Build configuration list for PBXProject "ScaleSelection" */;
			compatibilityVersion = "Xcode 3.2";
			developmentRegion = English;
			hasScannedForEncodings = 1;
			knownRegions = (
				English,
				Japanese,
				French,
				German,
				en,
			);
			mainGroup = 29B97314FDCFA39411CA2CEA /* CustomTemplate */;
			projectDirPath = "";
			projectRoot = "";
			targets = (
				1D6058900D05DD3D006BFB54 /* ScaleSelection */,
			);
		};
/* End PBXProject section */

/* Begin PBXResourcesBuildPhase section */
		1D60588D0D05DD3D006BFB54 /* Resources */ = {
			isa = PBXResourcesBuildPhase;
			buildActionMask = 2147483647;
			files = (
				28AD73600D9D9599002E5188 /* MainWindow.xib in Resources */,
				E4FC31A213F02BD20054303F /* ScalesTableViewController.xib in Resources */,
				E4FC31C013F02F500054303F /* ScaleCell.xib in Resources */,
				E4FC324713F043200054303F /* MAIAN.TTF in Resources */,
				E4FC324813F043200054303F /* Maiandra GD Demi Bold.ttf in Resources */,
				E4FC324913F043200054303F /* systems.xml in Resources */,
			);
			runOnlyForDeploymentPostprocessing = 0;
		};
/* End PBXResourcesBuildPhase section */

/* Begin PBXSourcesBuildPhase section */
		1D60588E0D05DD3D006BFB54 /* Sources */ = {
			isa = PBXSourcesBuildPhase;
			buildActionMask = 2147483647;
			files = (
				E4FC310A13F00E1B0054303F /* ScalesParser.m in Sources */,
				1D60589B0D05DD56006BFB54 /* main.m in Sources */,
				1D3623260D0F684500981E51 /* ScaleSelectionAppDelegate.m in Sources */,
				E4FC316C13F00E760054303F /* Scale.m in Sources */,
				E4FC31A113F02BD20054303F /* ScalesTableViewController.m in Sources */,
				E4FC31BD13F02F330054303F /* CustomFontLabel.m in Sources */,
				E4FC31BE13F02F330054303F /* ScaleCell.m in Sources */,
			);
			runOnlyForDeploymentPostprocessing = 0;
		};
/* End PBXSourcesBuildPhase section */

/* Begin XCBuildConfiguration section */
		1D6058940D05DD3E006BFB54 /* Debug */ = {
			isa = XCBuildConfiguration;
			buildSettings = {
				ALWAYS_SEARCH_USER_PATHS = NO;
				COPY_PHASE_STRIP = NO;
				GCC_DYNAMIC_NO_PIC = NO;
				GCC_OPTIMIZATION_LEVEL = 0;
				GCC_PRECOMPILE_PREFIX_HEADER = YES;
				GCC_PREFIX_HEADER = ScaleSelection_Prefix.pch;
				INFOPLIST_FILE = "ScaleSelection-Info.plist";
				PRODUCT_NAME = ScaleSelection;
			};
			name = Debug;
		};
		1D6058950D05DD3E006BFB54 /* Release */ = {
			isa = XCBuildConfiguration;
			buildSettings = {
				ALWAYS_SEARCH_USER_PATHS = NO;
				COPY_PHASE_STRIP = YES;
				GCC_PRECOMPILE_PREFIX_HEADER = YES;
				GCC_PREFIX_HEADER = ScaleSelection_Prefix.pch;
				INFOPLIST_FILE = "ScaleSelection-Info.plist";
				PRODUCT_NAME = ScaleSelection;
				VALIDATE_PRODUCT = YES;
			};
			name = Release;
		};
		C01FCF4F08A954540054247B /* Debug */ = {
			isa = XCBuildConfiguration;
			buildSettings = {
				ARCHS = "$(ARCHS_STANDARD_32_BIT)";
				"CODE_SIGN_IDENTITY[sdk=iphoneos*]" = "iPhone Developer";
				GCC_C_LANGUAGE_STANDARD = c99;
				GCC_WARN_ABOUT_RETURN_TYPE = YES;
				GCC_WARN_UNUSED_VARIABLE = YES;
				PREBINDING = NO;
				SDKROOT = iphoneos;
			};
			name = Debug;
		};
		C01FCF5008A954540054247B /* Release */ = {
			isa = XCBuildConfiguration;
			buildSettings = {
				ARCHS = "$(ARCHS_STANDARD_32_BIT)";
				"CODE_SIGN_IDENTITY[sdk=iphoneos*]" = "iPhone Developer";
				GCC_C_LANGUAGE_STANDARD = c99;
				GCC_WARN_ABOUT_RETURN_TYPE = YES;
				GCC_WARN_UNUSED_VARIABLE = YES;
				OTHER_CFLAGS = "-DNS_BLOCK_ASSERTIONS=1";
				PREBINDING = NO;
				SDKROOT = iphoneos;
			};
			name = Release;
		};
/* End XCBuildConfiguration section */

/* Begin XCConfigurationList section */
		1D6058960D05DD3E006BFB54 /* Build configuration list for PBXNativeTarget "ScaleSelection" */ = {
			isa = XCConfigurationList;
			buildConfigurations = (
				1D6058940D05DD3E006BFB54 /* Debug */,
				1D6058950D05DD3E006BFB54 /* Release */,
			);
			defaultConfigurationIsVisible = 0;
			defaultConfigurationName = Release;
		};
		C01FCF4E08A954540054247B /* Build configuration list for PBXProject "ScaleSelection" */ = {
			isa = XCConfigurationList;
			buildConfigurations = (
				C01FCF4F08A954540054247B /* Debug */,
				C01FCF5008A954540054247B /* Release */,
			);
			defaultConfigurationIsVisible = 0;
			defaultConfigurationName = Release;
		};
/* End XCConfigurationList section */
	};
	rootObject = 29B97313FDCFA39411CA2CEA /* Project object */;
}
